
Microsoft Visual Studio Solution File, Format Version 12.00
# Visual Studio Express 14 for Windows Desktop
VisualStudioVersion = 14.0.25420.1
MinimumVisualStudioVersion = 10.0.40219.1
Project("{8BC9CEB8-8B4A-11D0-8D11-00A0C91BC942}") = "libapril", "msvc\vs2015\libapril.vcxproj", "{2D053CDA-686B-4B36-80EB-1DA5F0CEF8F9}"
EndProject
Project("{8BC9CEB8-8B4A-11D0-8D11-00A0C91BC942}") = "demo_simple", "msvc\vs2015\demo_simple.vcxproj", "{8ED4EDB5-7C0E-411F-BCC6-E96882CC73F3}"
EndProject
Project("{8BC9CEB8-8B4A-11D0-8D11-00A0C91BC942}") = "demo_3d", "msvc\vs2015\demo_3d.vcxproj", "{8ED4EDB5-7C0E-411F-BCC6-A96882CC73F3}"
EndProject
Project("{8BC9CEB8-8B4A-11D0-8D11-00A0C91BC942}") = "libgtypes", "..\gtypes\msvc\vs2015\libgtypes.vcxproj", "{9C043B29-DB40-48D5-97D8-1BC44128E3BA}"
EndProject
Project("{8BC9CEB8-8B4A-11D0-8D11-00A0C91BC942}") = "libhltypes", "..\hltypes\msvc\vs2015\libhltypes.vcxproj", "{E4D373BF-E227-48B9-99E6-84987E8674EC}"
EndProject
Project("{8BC9CEB8-8B4A-11D0-8D11-00A0C91BC942}") = "demo_tictactoe", "msvc\vs2015\demo_tictactoe.vcxproj", "{E0BA09D4-16F6-495D-8497-C7FC6BA2C7B7}"
EndProject
Project("{8BC9CEB8-8B4A-11D0-8D11-00A0C91BC942}") = "libjpeg", "lib\jpeg\msvc\vs2015\libjpeg.vcxproj", "{019DBD2A-273D-4BA4-BF86-B5EFE2ED76B1}"
EndProject
Project("{8BC9CEB8-8B4A-11D0-8D11-00A0C91BC942}") = "libpng", "lib\png\msvc\vs2015\libpng.vcxproj", "{D6973076-9317-4EF2-A0B8-B7A18AC0713E}"
EndProject
Project("{8BC9CEB8-8B4A-11D0-8D11-00A0C91BC942}") = "zlib", "..\hltypes\lib\zlib\msvc\vs2015\zlib.vcxproj", "{60F89955-91C6-3A36-8000-13C592FEC2DF}"
EndProject
Project("{8BC9CEB8-8B4A-11D0-8D11-00A0C91BC942}") = "demo_interface", "msvc\vs2015\demo_interface.vcxproj", "{8469E474-67C7-457A-97BC-28FAE7085B0F}"
EndProject
Project("{8BC9CEB8-8B4A-11D0-8D11-00A0C91BC942}") = "demo_pix", "msvc\vs2015\demo_pix.vcxproj", "{3779CEDA-3D08-4E79-88A7-A47C85316825}"
EndProject
Project("{8BC9CEB8-8B4A-11D0-8D11-00A0C91BC942}") = "demo_helloworld", "msvc\vs2015\demo_helloworld.vcxproj", "{E0BA09D4-16F6-495D-8497-C7FC5BA2C7B7}"
EndProject
Project("{8BC9CEB8-8B4A-11D0-8D11-00A0C91BC942}") = "libaprilpix", "aprilpix\msvc\vs2015\libaprilpix.vcxproj", "{35FE2927-8530-406C-A49B-5F54EA4B80CB}"
EndProject
Project("{8BC9CEB8-8B4A-11D0-8D11-00A0C91BC942}") = "libwebp", "lib\webp\msvc\vs2015\libwebp.vcxproj", "{115121E1-2F6F-48FF-89EF-6B530A6D59ED}"
EndProject
Project("{8BC9CEB8-8B4A-11D0-8D11-00A0C91BC942}") = "demo_advanced", "msvc\vs2015\demo_advanced.vcxproj", "{220BF603-2D51-41BA-BE06-3064985A9944}"
EndProject
Project("{8BC9CEB8-8B4A-11D0-8D11-00A0C91BC942}") = "demo_motion", "msvc\vs2015\demo_motion.vcxproj", "{B4215EAF-C9E2-43E3-AF50-8B28C47A7A76}"
EndProject
Global
	GlobalSection(SolutionConfigurationPlatforms) = preSolution
		Debug_DirectX9|Win32 = Debug_DirectX9|Win32
		Debug_OpenGL1|Win32 = Debug_OpenGL1|Win32
		Debug_OpenGLES2|Win32 = Debug_OpenGLES2|Win32
		Debug|Win32 = Debug|Win32
		DebugS_DirectX9|Win32 = DebugS_DirectX9|Win32
		DebugS_OpenGL1|Win32 = DebugS_OpenGL1|Win32
		DebugS_OpenGLES2|Win32 = DebugS_OpenGLES2|Win32
		DebugS|Win32 = DebugS|Win32
		Release_DirectX9|Win32 = Release_DirectX9|Win32
		Release_OpenGL1|Win32 = Release_OpenGL1|Win32
		Release_OpenGLES2|Win32 = Release_OpenGLES2|Win32
		Release|Win32 = Release|Win32
		ReleaseS_DirectX9|Win32 = ReleaseS_DirectX9|Win32
		ReleaseS_OpenGL1|Win32 = ReleaseS_OpenGL1|Win32
		ReleaseS_OpenGLES2|Win32 = ReleaseS_OpenGLES2|Win32
		ReleaseS|Win32 = ReleaseS|Win32
	EndGlobalSection
	GlobalSection(ProjectConfigurationPlatforms) = postSolution
		{2D053CDA-686B-4B36-80EB-1DA5F0CEF8F9}.Debug_DirectX9|Win32.ActiveCfg = Debug_DirectX9|Win32
		{2D053CDA-686B-4B36-80EB-1DA5F0CEF8F9}.Debug_DirectX9|Win32.Build.0 = Debug_DirectX9|Win32
		{2D053CDA-686B-4B36-80EB-1DA5F0CEF8F9}.Debug_OpenGL1|Win32.ActiveCfg = Debug_OpenGL1|Win32
		{2D053CDA-686B-4B36-80EB-1DA5F0CEF8F9}.Debug_OpenGL1|Win32.Build.0 = Debug_OpenGL1|Win32
		{2D053CDA-686B-4B36-80EB-1DA5F0CEF8F9}.Debug_OpenGLES2|Win32.ActiveCfg = Debug_OpenGLES2|Win32
		{2D053CDA-686B-4B36-80EB-1DA5F0CEF8F9}.Debug_OpenGLES2|Win32.Build.0 = Debug_OpenGLES2|Win32
		{2D053CDA-686B-4B36-80EB-1DA5F0CEF8F9}.Debug|Win32.ActiveCfg = Debug|Win32
		{2D053CDA-686B-4B36-80EB-1DA5F0CEF8F9}.Debug|Win32.Build.0 = Debug|Win32
		{2D053CDA-686B-4B36-80EB-1DA5F0CEF8F9}.DebugS_DirectX9|Win32.ActiveCfg = DebugS_DirectX9|Win32
		{2D053CDA-686B-4B36-80EB-1DA5F0CEF8F9}.DebugS_DirectX9|Win32.Build.0 = DebugS_DirectX9|Win32
		{2D053CDA-686B-4B36-80EB-1DA5F0CEF8F9}.DebugS_OpenGL1|Win32.ActiveCfg = DebugS_OpenGL1|Win32
		{2D053CDA-686B-4B36-80EB-1DA5F0CEF8F9}.DebugS_OpenGL1|Win32.Build.0 = DebugS_OpenGL1|Win32
		{2D053CDA-686B-4B36-80EB-1DA5F0CEF8F9}.DebugS_OpenGLES2|Win32.ActiveCfg = DebugS_OpenGLES2|Win32
		{2D053CDA-686B-4B36-80EB-1DA5F0CEF8F9}.DebugS_OpenGLES2|Win32.Build.0 = DebugS_OpenGLES2|Win32
		{2D053CDA-686B-4B36-80EB-1DA5F0CEF8F9}.DebugS|Win32.ActiveCfg = DebugS|Win32
		{2D053CDA-686B-4B36-80EB-1DA5F0CEF8F9}.DebugS|Win32.Build.0 = DebugS|Win32
		{2D053CDA-686B-4B36-80EB-1DA5F0CEF8F9}.Release_DirectX9|Win32.ActiveCfg = Release_DirectX9|Win32
		{2D053CDA-686B-4B36-80EB-1DA5F0CEF8F9}.Release_DirectX9|Win32.Build.0 = Release_DirectX9|Win32
		{2D053CDA-686B-4B36-80EB-1DA5F0CEF8F9}.Release_OpenGL1|Win32.ActiveCfg = Release_OpenGL1|Win32
		{2D053CDA-686B-4B36-80EB-1DA5F0CEF8F9}.Release_OpenGL1|Win32.Build.0 = Release_OpenGL1|Win32
		{2D053CDA-686B-4B36-80EB-1DA5F0CEF8F9}.Release_OpenGLES2|Win32.ActiveCfg = Release_OpenGLES2|Win32
		{2D053CDA-686B-4B36-80EB-1DA5F0CEF8F9}.Release_OpenGLES2|Win32.Build.0 = Release_OpenGLES2|Win32
		{2D053CDA-686B-4B36-80EB-1DA5F0CEF8F9}.Release|Win32.ActiveCfg = Release|Win32
		{2D053CDA-686B-4B36-80EB-1DA5F0CEF8F9}.Release|Win32.Build.0 = Release|Win32
		{2D053CDA-686B-4B36-80EB-1DA5F0CEF8F9}.ReleaseS_DirectX9|Win32.ActiveCfg = ReleaseS_DirectX9|Win32
		{2D053CDA-686B-4B36-80EB-1DA5F0CEF8F9}.ReleaseS_DirectX9|Win32.Build.0 = ReleaseS_DirectX9|Win32
		{2D053CDA-686B-4B36-80EB-1DA5F0CEF8F9}.ReleaseS_OpenGL1|Win32.ActiveCfg = ReleaseS_OpenGL1|Win32
		{2D053CDA-686B-4B36-80EB-1DA5F0CEF8F9}.ReleaseS_OpenGL1|Win32.Build.0 = ReleaseS_OpenGL1|Win32
		{2D053CDA-686B-4B36-80EB-1DA5F0CEF8F9}.ReleaseS_OpenGLES2|Win32.ActiveCfg = ReleaseS_OpenGLES2|Win32
		{2D053CDA-686B-4B36-80EB-1DA5F0CEF8F9}.ReleaseS_OpenGLES2|Win32.Build.0 = ReleaseS_OpenGLES2|Win32
		{2D053CDA-686B-4B36-80EB-1DA5F0CEF8F9}.ReleaseS|Win32.ActiveCfg = ReleaseS|Win32
		{2D053CDA-686B-4B36-80EB-1DA5F0CEF8F9}.ReleaseS|Win32.Build.0 = ReleaseS|Win32
		{8ED4EDB5-7C0E-411F-BCC6-E96882CC73F3}.Debug_DirectX9|Win32.ActiveCfg = Debug|Win32
		{8ED4EDB5-7C0E-411F-BCC6-E96882CC73F3}.Debug_DirectX9|Win32.Build.0 = Debug|Win32
		{8ED4EDB5-7C0E-411F-BCC6-E96882CC73F3}.Debug_OpenGL1|Win32.ActiveCfg = Debug|Win32
		{8ED4EDB5-7C0E-411F-BCC6-E96882CC73F3}.Debug_OpenGL1|Win32.Build.0 = Debug|Win32
		{8ED4EDB5-7C0E-411F-BCC6-E96882CC73F3}.Debug_OpenGLES2|Win32.ActiveCfg = Debug|Win32
		{8ED4EDB5-7C0E-411F-BCC6-E96882CC73F3}.Debug_OpenGLES2|Win32.Build.0 = Debug|Win32
		{8ED4EDB5-7C0E-411F-BCC6-E96882CC73F3}.Debug|Win32.ActiveCfg = Debug|Win32
		{8ED4EDB5-7C0E-411F-BCC6-E96882CC73F3}.Debug|Win32.Build.0 = Debug|Win32
		{8ED4EDB5-7C0E-411F-BCC6-E96882CC73F3}.DebugS_DirectX9|Win32.ActiveCfg = DebugS|Win32
		{8ED4EDB5-7C0E-411F-BCC6-E96882CC73F3}.DebugS_DirectX9|Win32.Build.0 = DebugS|Win32
		{8ED4EDB5-7C0E-411F-BCC6-E96882CC73F3}.DebugS_OpenGL1|Win32.ActiveCfg = DebugS|Win32
		{8ED4EDB5-7C0E-411F-BCC6-E96882CC73F3}.DebugS_OpenGL1|Win32.Build.0 = DebugS|Win32
		{8ED4EDB5-7C0E-411F-BCC6-E96882CC73F3}.DebugS_OpenGLES2|Win32.ActiveCfg = DebugS|Win32
		{8ED4EDB5-7C0E-411F-BCC6-E96882CC73F3}.DebugS_OpenGLES2|Win32.Build.0 = DebugS|Win32
		{8ED4EDB5-7C0E-411F-BCC6-E96882CC73F3}.DebugS|Win32.ActiveCfg = DebugS|Win32
		{8ED4EDB5-7C0E-411F-BCC6-E96882CC73F3}.DebugS|Win32.Build.0 = DebugS|Win32
		{8ED4EDB5-7C0E-411F-BCC6-E96882CC73F3}.Release_DirectX9|Win32.ActiveCfg = Release|Win32
		{8ED4EDB5-7C0E-411F-BCC6-E96882CC73F3}.Release_DirectX9|Win32.Build.0 = Release|Win32
		{8ED4EDB5-7C0E-411F-BCC6-E96882CC73F3}.Release_OpenGL1|Win32.ActiveCfg = Release|Win32
		{8ED4EDB5-7C0E-411F-BCC6-E96882CC73F3}.Release_OpenGL1|Win32.Build.0 = Release|Win32
		{8ED4EDB5-7C0E-411F-BCC6-E96882CC73F3}.Release_OpenGLES2|Win32.ActiveCfg = Release|Win32
		{8ED4EDB5-7C0E-411F-BCC6-E96882CC73F3}.Release_OpenGLES2|Win32.Build.0 = Release|Win32
		{8ED4EDB5-7C0E-411F-BCC6-E96882CC73F3}.Release|Win32.ActiveCfg = Release|Win32
		{8ED4EDB5-7C0E-411F-BCC6-E96882CC73F3}.Release|Win32.Build.0 = Release|Win32
		{8ED4EDB5-7C0E-411F-BCC6-E96882CC73F3}.ReleaseS_DirectX9|Win32.ActiveCfg = ReleaseS|Win32
		{8ED4EDB5-7C0E-411F-BCC6-E96882CC73F3}.ReleaseS_DirectX9|Win32.Build.0 = ReleaseS|Win32
		{8ED4EDB5-7C0E-411F-BCC6-E96882CC73F3}.ReleaseS_OpenGL1|Win32.ActiveCfg = ReleaseS|Win32
		{8ED4EDB5-7C0E-411F-BCC6-E96882CC73F3}.ReleaseS_OpenGL1|Win32.Build.0 = ReleaseS|Win32
		{8ED4EDB5-7C0E-411F-BCC6-E96882CC73F3}.ReleaseS_OpenGLES2|Win32.ActiveCfg = ReleaseS|Win32
		{8ED4EDB5-7C0E-411F-BCC6-E96882CC73F3}.ReleaseS_OpenGLES2|Win32.Build.0 = ReleaseS|Win32
		{8ED4EDB5-7C0E-411F-BCC6-E96882CC73F3}.ReleaseS|Win32.ActiveCfg = ReleaseS|Win32
		{8ED4EDB5-7C0E-411F-BCC6-E96882CC73F3}.ReleaseS|Win32.Build.0 = ReleaseS|Win32
		{8ED4EDB5-7C0E-411F-BCC6-A96882CC73F3}.Debug_DirectX9|Win32.ActiveCfg = Debug|Win32
		{8ED4EDB5-7C0E-411F-BCC6-A96882CC73F3}.Debug_DirectX9|Win32.Build.0 = Debug|Win32
		{8ED4EDB5-7C0E-411F-BCC6-A96882CC73F3}.Debug_OpenGL1|Win32.ActiveCfg = Debug|Win32
		{8ED4EDB5-7C0E-411F-BCC6-A96882CC73F3}.Debug_OpenGL1|Win32.Build.0 = Debug|Win32
		{8ED4EDB5-7C0E-411F-BCC6-A96882CC73F3}.Debug_OpenGLES2|Win32.ActiveCfg = Debug|Win32
		{8ED4EDB5-7C0E-411F-BCC6-A96882CC73F3}.Debug_OpenGLES2|Win32.Build.0 = Debug|Win32
		{8ED4EDB5-7C0E-411F-BCC6-A96882CC73F3}.Debug|Win32.ActiveCfg = Debug|Win32
		{8ED4EDB5-7C0E-411F-BCC6-A96882CC73F3}.Debug|Win32.Build.0 = Debug|Win32
		{8ED4EDB5-7C0E-411F-BCC6-A96882CC73F3}.DebugS_DirectX9|Win32.ActiveCfg = DebugS|Win32
		{8ED4EDB5-7C0E-411F-BCC6-A96882CC73F3}.DebugS_DirectX9|Win32.Build.0 = DebugS|Win32
		{8ED4EDB5-7C0E-411F-BCC6-A96882CC73F3}.DebugS_OpenGL1|Win32.ActiveCfg = DebugS|Win32
		{8ED4EDB5-7C0E-411F-BCC6-A96882CC73F3}.DebugS_OpenGL1|Win32.Build.0 = DebugS|Win32
		{8ED4EDB5-7C0E-411F-BCC6-A96882CC73F3}.DebugS_OpenGLES2|Win32.ActiveCfg = DebugS|Win32
		{8ED4EDB5-7C0E-411F-BCC6-A96882CC73F3}.DebugS|Win32.ActiveCfg = DebugS|Win32
		{8ED4EDB5-7C0E-411F-BCC6-A96882CC73F3}.DebugS|Win32.Build.0 = DebugS|Win32
		{8ED4EDB5-7C0E-411F-BCC6-A96882CC73F3}.Release_DirectX9|Win32.ActiveCfg = Release|Win32
		{8ED4EDB5-7C0E-411F-BCC6-A96882CC73F3}.Release_DirectX9|Win32.Build.0 = Release|Win32
		{8ED4EDB5-7C0E-411F-BCC6-A96882CC73F3}.Release_OpenGL1|Win32.ActiveCfg = Release|Win32
		{8ED4EDB5-7C0E-411F-BCC6-A96882CC73F3}.Release_OpenGL1|Win32.Build.0 = Release|Win32
		{8ED4EDB5-7C0E-411F-BCC6-A96882CC73F3}.Release_OpenGLES2|Win32.ActiveCfg = Release|Win32
		{8ED4EDB5-7C0E-411F-BCC6-A96882CC73F3}.Release_OpenGLES2|Win32.Build.0 = Release|Win32
		{8ED4EDB5-7C0E-411F-BCC6-A96882CC73F3}.Release|Win32.ActiveCfg = Release|Win32
		{8ED4EDB5-7C0E-411F-BCC6-A96882CC73F3}.Release|Win32.Build.0 = Release|Win32
		{8ED4EDB5-7C0E-411F-BCC6-A96882CC73F3}.ReleaseS_DirectX9|Win32.ActiveCfg = ReleaseS|Win32
		{8ED4EDB5-7C0E-411F-BCC6-A96882CC73F3}.ReleaseS_DirectX9|Win32.Build.0 = ReleaseS|Win32
		{8ED4EDB5-7C0E-411F-BCC6-A96882CC73F3}.ReleaseS_OpenGL1|Win32.ActiveCfg = ReleaseS|Win32
		{8ED4EDB5-7C0E-411F-BCC6-A96882CC73F3}.ReleaseS_OpenGL1|Win32.Build.0 = ReleaseS|Win32
		{8ED4EDB5-7C0E-411F-BCC6-A96882CC73F3}.ReleaseS_OpenGLES2|Win32.ActiveCfg = ReleaseS|Win32
		{8ED4EDB5-7C0E-411F-BCC6-A96882CC73F3}.ReleaseS_OpenGLES2|Win32.Build.0 = ReleaseS|Win32
		{8ED4EDB5-7C0E-411F-BCC6-A96882CC73F3}.ReleaseS|Win32.ActiveCfg = ReleaseS|Win32
		{8ED4EDB5-7C0E-411F-BCC6-A96882CC73F3}.ReleaseS|Win32.Build.0 = ReleaseS|Win32
		{9C043B29-DB40-48D5-97D8-1BC44128E3BA}.Debug_DirectX9|Win32.ActiveCfg = Debug|Win32
		{9C043B29-DB40-48D5-97D8-1BC44128E3BA}.Debug_DirectX9|Win32.Build.0 = Debug|Win32
		{9C043B29-DB40-48D5-97D8-1BC44128E3BA}.Debug_OpenGL1|Win32.ActiveCfg = Debug|Win32
		{9C043B29-DB40-48D5-97D8-1BC44128E3BA}.Debug_OpenGL1|Win32.Build.0 = Debug|Win32
		{9C043B29-DB40-48D5-97D8-1BC44128E3BA}.Debug_OpenGLES2|Win32.ActiveCfg = Debug|Win32
		{9C043B29-DB40-48D5-97D8-1BC44128E3BA}.Debug_OpenGLES2|Win32.Build.0 = Debug|Win32
		{9C043B29-DB40-48D5-97D8-1BC44128E3BA}.Debug|Win32.ActiveCfg = Debug|Win32
		{9C043B29-DB40-48D5-97D8-1BC44128E3BA}.Debug|Win32.Build.0 = Debug|Win32
		{9C043B29-DB40-48D5-97D8-1BC44128E3BA}.DebugS_DirectX9|Win32.ActiveCfg = DebugS|Win32
		{9C043B29-DB40-48D5-97D8-1BC44128E3BA}.DebugS_DirectX9|Win32.Build.0 = DebugS|Win32
		{9C043B29-DB40-48D5-97D8-1BC44128E3BA}.DebugS_OpenGL1|Win32.ActiveCfg = DebugS|Win32
		{9C043B29-DB40-48D5-97D8-1BC44128E3BA}.DebugS_OpenGL1|Win32.Build.0 = DebugS|Win32
		{9C043B29-DB40-48D5-97D8-1BC44128E3BA}.DebugS_OpenGLES2|Win32.ActiveCfg = DebugS|Win32
		{9C043B29-DB40-48D5-97D8-1BC44128E3BA}.DebugS_OpenGLES2|Win32.Build.0 = DebugS|Win32
		{9C043B29-DB40-48D5-97D8-1BC44128E3BA}.DebugS|Win32.ActiveCfg = DebugS|Win32
		{9C043B29-DB40-48D5-97D8-1BC44128E3BA}.DebugS|Win32.Build.0 = DebugS|Win32
		{9C043B29-DB40-48D5-97D8-1BC44128E3BA}.Release_DirectX9|Win32.ActiveCfg = Release|Win32
		{9C043B29-DB40-48D5-97D8-1BC44128E3BA}.Release_DirectX9|Win32.Build.0 = Release|Win32
		{9C043B29-DB40-48D5-97D8-1BC44128E3BA}.Release_OpenGL1|Win32.ActiveCfg = Release|Win32
		{9C043B29-DB40-48D5-97D8-1BC44128E3BA}.Release_OpenGL1|Win32.Build.0 = Release|Win32
		{9C043B29-DB40-48D5-97D8-1BC44128E3BA}.Release_OpenGLES2|Win32.ActiveCfg = Release|Win32
		{9C043B29-DB40-48D5-97D8-1BC44128E3BA}.Release_OpenGLES2|Win32.Build.0 = Release|Win32
		{9C043B29-DB40-48D5-97D8-1BC44128E3BA}.Release|Win32.ActiveCfg = Release|Win32
		{9C043B29-DB40-48D5-97D8-1BC44128E3BA}.Release|Win32.Build.0 = Release|Win32
		{9C043B29-DB40-48D5-97D8-1BC44128E3BA}.ReleaseS_DirectX9|Win32.ActiveCfg = ReleaseS|Win32
		{9C043B29-DB40-48D5-97D8-1BC44128E3BA}.ReleaseS_DirectX9|Win32.Build.0 = ReleaseS|Win32
		{9C043B29-DB40-48D5-97D8-1BC44128E3BA}.ReleaseS_OpenGL1|Win32.ActiveCfg = ReleaseS|Win32
		{9C043B29-DB40-48D5-97D8-1BC44128E3BA}.ReleaseS_OpenGL1|Win32.Build.0 = ReleaseS|Win32
		{9C043B29-DB40-48D5-97D8-1BC44128E3BA}.ReleaseS_OpenGLES2|Win32.ActiveCfg = ReleaseS|Win32
		{9C043B29-DB40-48D5-97D8-1BC44128E3BA}.ReleaseS_OpenGLES2|Win32.Build.0 = ReleaseS|Win32
		{9C043B29-DB40-48D5-97D8-1BC44128E3BA}.ReleaseS|Win32.ActiveCfg = ReleaseS|Win32
		{9C043B29-DB40-48D5-97D8-1BC44128E3BA}.ReleaseS|Win32.Build.0 = ReleaseS|Win32
		{E4D373BF-E227-48B9-99E6-84987E8674EC}.Debug_DirectX9|Win32.ActiveCfg = Debug|Win32
		{E4D373BF-E227-48B9-99E6-84987E8674EC}.Debug_DirectX9|Win32.Build.0 = Debug|Win32
		{E4D373BF-E227-48B9-99E6-84987E8674EC}.Debug_OpenGL1|Win32.ActiveCfg = Debug|Win32
		{E4D373BF-E227-48B9-99E6-84987E8674EC}.Debug_OpenGL1|Win32.Build.0 = Debug|Win32
		{E4D373BF-E227-48B9-99E6-84987E8674EC}.Debug_OpenGLES2|Win32.ActiveCfg = Debug|Win32
		{E4D373BF-E227-48B9-99E6-84987E8674EC}.Debug_OpenGLES2|Win32.Build.0 = Debug|Win32
		{E4D373BF-E227-48B9-99E6-84987E8674EC}.Debug|Win32.ActiveCfg = Debug|Win32
		{E4D373BF-E227-48B9-99E6-84987E8674EC}.Debug|Win32.Build.0 = Debug|Win32
		{E4D373BF-E227-48B9-99E6-84987E8674EC}.DebugS_DirectX9|Win32.ActiveCfg = DebugS|Win32
		{E4D373BF-E227-48B9-99E6-84987E8674EC}.DebugS_DirectX9|Win32.Build.0 = DebugS|Win32
		{E4D373BF-E227-48B9-99E6-84987E8674EC}.DebugS_OpenGL1|Win32.ActiveCfg = DebugS|Win32
		{E4D373BF-E227-48B9-99E6-84987E8674EC}.DebugS_OpenGL1|Win32.Build.0 = DebugS|Win32
		{E4D373BF-E227-48B9-99E6-84987E8674EC}.DebugS_OpenGLES2|Win32.ActiveCfg = DebugS|Win32
		{E4D373BF-E227-48B9-99E6-84987E8674EC}.DebugS_OpenGLES2|Win32.Build.0 = DebugS|Win32
		{E4D373BF-E227-48B9-99E6-84987E8674EC}.DebugS|Win32.ActiveCfg = DebugS|Win32
		{E4D373BF-E227-48B9-99E6-84987E8674EC}.DebugS|Win32.Build.0 = DebugS|Win32
		{E4D373BF-E227-48B9-99E6-84987E8674EC}.Release_DirectX9|Win32.ActiveCfg = Release|Win32
		{E4D373BF-E227-48B9-99E6-84987E8674EC}.Release_DirectX9|Win32.Build.0 = Release|Win32
		{E4D373BF-E227-48B9-99E6-84987E8674EC}.Release_OpenGL1|Win32.ActiveCfg = Release|Win32
		{E4D373BF-E227-48B9-99E6-84987E8674EC}.Release_OpenGL1|Win32.Build.0 = Release|Win32
		{E4D373BF-E227-48B9-99E6-84987E8674EC}.Release_OpenGLES2|Win32.ActiveCfg = Release|Win32
		{E4D373BF-E227-48B9-99E6-84987E8674EC}.Release_OpenGLES2|Win32.Build.0 = Release|Win32
		{E4D373BF-E227-48B9-99E6-84987E8674EC}.Release|Win32.ActiveCfg = Release|Win32
		{E4D373BF-E227-48B9-99E6-84987E8674EC}.Release|Win32.Build.0 = Release|Win32
		{E4D373BF-E227-48B9-99E6-84987E8674EC}.ReleaseS_DirectX9|Win32.ActiveCfg = ReleaseS|Win32
		{E4D373BF-E227-48B9-99E6-84987E8674EC}.ReleaseS_DirectX9|Win32.Build.0 = ReleaseS|Win32
		{E4D373BF-E227-48B9-99E6-84987E8674EC}.ReleaseS_OpenGL1|Win32.ActiveCfg = ReleaseS|Win32
		{E4D373BF-E227-48B9-99E6-84987E8674EC}.ReleaseS_OpenGL1|Win32.Build.0 = ReleaseS|Win32
		{E4D373BF-E227-48B9-99E6-84987E8674EC}.ReleaseS_OpenGLES2|Win32.ActiveCfg = ReleaseS|Win32
		{E4D373BF-E227-48B9-99E6-84987E8674EC}.ReleaseS_OpenGLES2|Win32.Build.0 = ReleaseS|Win32
		{E4D373BF-E227-48B9-99E6-84987E8674EC}.ReleaseS|Win32.ActiveCfg = ReleaseS|Win32
		{E4D373BF-E227-48B9-99E6-84987E8674EC}.ReleaseS|Win32.Build.0 = ReleaseS|Win32
		{E0BA09D4-16F6-495D-8497-C7FC6BA2C7B7}.Debug_DirectX9|Win32.ActiveCfg = Debug|Win32
		{E0BA09D4-16F6-495D-8497-C7FC6BA2C7B7}.Debug_DirectX9|Win32.Build.0 = Debug|Win32
		{E0BA09D4-16F6-495D-8497-C7FC6BA2C7B7}.Debug_OpenGL1|Win32.ActiveCfg = Debug|Win32
		{E0BA09D4-16F6-495D-8497-C7FC6BA2C7B7}.Debug_OpenGL1|Win32.Build.0 = Debug|Win32
		{E0BA09D4-16F6-495D-8497-C7FC6BA2C7B7}.Debug_OpenGLES2|Win32.ActiveCfg = Debug|Win32
		{E0BA09D4-16F6-495D-8497-C7FC6BA2C7B7}.Debug_OpenGLES2|Win32.Build.0 = Debug|Win32
		{E0BA09D4-16F6-495D-8497-C7FC6BA2C7B7}.Debug|Win32.ActiveCfg = Debug|Win32
		{E0BA09D4-16F6-495D-8497-C7FC6BA2C7B7}.Debug|Win32.Build.0 = Debug|Win32
		{E0BA09D4-16F6-495D-8497-C7FC6BA2C7B7}.DebugS_DirectX9|Win32.ActiveCfg = DebugS|Win32
		{E0BA09D4-16F6-495D-8497-C7FC6BA2C7B7}.DebugS_DirectX9|Win32.Build.0 = DebugS|Win32
		{E0BA09D4-16F6-495D-8497-C7FC6BA2C7B7}.DebugS_OpenGL1|Win32.ActiveCfg = DebugS|Win32
		{E0BA09D4-16F6-495D-8497-C7FC6BA2C7B7}.DebugS_OpenGL1|Win32.Build.0 = DebugS|Win32
		{E0BA09D4-16F6-495D-8497-C7FC6BA2C7B7}.DebugS_OpenGLES2|Win32.ActiveCfg = DebugS|Win32
		{E0BA09D4-16F6-495D-8497-C7FC6BA2C7B7}.DebugS|Win32.ActiveCfg = DebugS|Win32
		{E0BA09D4-16F6-495D-8497-C7FC6BA2C7B7}.DebugS|Win32.Build.0 = DebugS|Win32
		{E0BA09D4-16F6-495D-8497-C7FC6BA2C7B7}.Release_DirectX9|Win32.ActiveCfg = Release|Win32
		{E0BA09D4-16F6-495D-8497-C7FC6BA2C7B7}.Release_DirectX9|Win32.Build.0 = Release|Win32
		{E0BA09D4-16F6-495D-8497-C7FC6BA2C7B7}.Release_OpenGL1|Win32.ActiveCfg = Release|Win32
		{E0BA09D4-16F6-495D-8497-C7FC6BA2C7B7}.Release_OpenGL1|Win32.Build.0 = Release|Win32
		{E0BA09D4-16F6-495D-8497-C7FC6BA2C7B7}.Release_OpenGLES2|Win32.ActiveCfg = Release|Win32
		{E0BA09D4-16F6-495D-8497-C7FC6BA2C7B7}.Release_OpenGLES2|Win32.Build.0 = Release|Win32
		{E0BA09D4-16F6-495D-8497-C7FC6BA2C7B7}.Release|Win32.ActiveCfg = Release|Win32
		{E0BA09D4-16F6-495D-8497-C7FC6BA2C7B7}.Release|Win32.Build.0 = Release|Win32
		{E0BA09D4-16F6-495D-8497-C7FC6BA2C7B7}.ReleaseS_DirectX9|Win32.ActiveCfg = ReleaseS|Win32
		{E0BA09D4-16F6-495D-8497-C7FC6BA2C7B7}.ReleaseS_DirectX9|Win32.Build.0 = ReleaseS|Win32
		{E0BA09D4-16F6-495D-8497-C7FC6BA2C7B7}.ReleaseS_OpenGL1|Win32.ActiveCfg = ReleaseS|Win32
		{E0BA09D4-16F6-495D-8497-C7FC6BA2C7B7}.ReleaseS_OpenGL1|Win32.Build.0 = ReleaseS|Win32
		{E0BA09D4-16F6-495D-8497-C7FC6BA2C7B7}.ReleaseS_OpenGLES2|Win32.ActiveCfg = ReleaseS|Win32
		{E0BA09D4-16F6-495D-8497-C7FC6BA2C7B7}.ReleaseS_OpenGLES2|Win32.Build.0 = ReleaseS|Win32
		{E0BA09D4-16F6-495D-8497-C7FC6BA2C7B7}.ReleaseS|Win32.ActiveCfg = ReleaseS|Win32
		{E0BA09D4-16F6-495D-8497-C7FC6BA2C7B7}.ReleaseS|Win32.Build.0 = ReleaseS|Win32
		{019DBD2A-273D-4BA4-BF86-B5EFE2ED76B1}.Debug_DirectX9|Win32.ActiveCfg = Debug|Win32
		{019DBD2A-273D-4BA4-BF86-B5EFE2ED76B1}.Debug_DirectX9|Win32.Build.0 = Debug|Win32
		{019DBD2A-273D-4BA4-BF86-B5EFE2ED76B1}.Debug_OpenGL1|Win32.ActiveCfg = Debug|Win32
		{019DBD2A-273D-4BA4-BF86-B5EFE2ED76B1}.Debug_OpenGL1|Win32.Build.0 = Debug|Win32
		{019DBD2A-273D-4BA4-BF86-B5EFE2ED76B1}.Debug_OpenGLES2|Win32.ActiveCfg = Debug|Win32
		{019DBD2A-273D-4BA4-BF86-B5EFE2ED76B1}.Debug_OpenGLES2|Win32.Build.0 = Debug|Win32
		{019DBD2A-273D-4BA4-BF86-B5EFE2ED76B1}.Debug|Win32.ActiveCfg = Debug|Win32
		{019DBD2A-273D-4BA4-BF86-B5EFE2ED76B1}.Debug|Win32.Build.0 = Debug|Win32
		{019DBD2A-273D-4BA4-BF86-B5EFE2ED76B1}.DebugS_DirectX9|Win32.ActiveCfg = DebugS|Win32
		{019DBD2A-273D-4BA4-BF86-B5EFE2ED76B1}.DebugS_DirectX9|Win32.Build.0 = DebugS|Win32
		{019DBD2A-273D-4BA4-BF86-B5EFE2ED76B1}.DebugS_OpenGL1|Win32.ActiveCfg = DebugS|Win32
		{019DBD2A-273D-4BA4-BF86-B5EFE2ED76B1}.DebugS_OpenGL1|Win32.Build.0 = DebugS|Win32
		{019DBD2A-273D-4BA4-BF86-B5EFE2ED76B1}.DebugS_OpenGLES2|Win32.ActiveCfg = DebugS|Win32
		{019DBD2A-273D-4BA4-BF86-B5EFE2ED76B1}.DebugS_OpenGLES2|Win32.Build.0 = DebugS|Win32
		{019DBD2A-273D-4BA4-BF86-B5EFE2ED76B1}.DebugS|Win32.ActiveCfg = DebugS|Win32
		{019DBD2A-273D-4BA4-BF86-B5EFE2ED76B1}.DebugS|Win32.Build.0 = DebugS|Win32
		{019DBD2A-273D-4BA4-BF86-B5EFE2ED76B1}.Release_DirectX9|Win32.ActiveCfg = Release|Win32
		{019DBD2A-273D-4BA4-BF86-B5EFE2ED76B1}.Release_DirectX9|Win32.Build.0 = Release|Win32
		{019DBD2A-273D-4BA4-BF86-B5EFE2ED76B1}.Release_OpenGL1|Win32.ActiveCfg = Release|Win32
		{019DBD2A-273D-4BA4-BF86-B5EFE2ED76B1}.Release_OpenGL1|Win32.Build.0 = Release|Win32
		{019DBD2A-273D-4BA4-BF86-B5EFE2ED76B1}.Release_OpenGLES2|Win32.ActiveCfg = Release|Win32
		{019DBD2A-273D-4BA4-BF86-B5EFE2ED76B1}.Release_OpenGLES2|Win32.Build.0 = Release|Win32
		{019DBD2A-273D-4BA4-BF86-B5EFE2ED76B1}.Release|Win32.ActiveCfg = Release|Win32
		{019DBD2A-273D-4BA4-BF86-B5EFE2ED76B1}.Release|Win32.Build.0 = Release|Win32
		{019DBD2A-273D-4BA4-BF86-B5EFE2ED76B1}.ReleaseS_DirectX9|Win32.ActiveCfg = ReleaseS|Win32
		{019DBD2A-273D-4BA4-BF86-B5EFE2ED76B1}.ReleaseS_DirectX9|Win32.Build.0 = ReleaseS|Win32
		{019DBD2A-273D-4BA4-BF86-B5EFE2ED76B1}.ReleaseS_OpenGL1|Win32.ActiveCfg = ReleaseS|Win32
		{019DBD2A-273D-4BA4-BF86-B5EFE2ED76B1}.ReleaseS_OpenGL1|Win32.Build.0 = ReleaseS|Win32
		{019DBD2A-273D-4BA4-BF86-B5EFE2ED76B1}.ReleaseS_OpenGLES2|Win32.ActiveCfg = ReleaseS|Win32
		{019DBD2A-273D-4BA4-BF86-B5EFE2ED76B1}.ReleaseS_OpenGLES2|Win32.Build.0 = ReleaseS|Win32
		{019DBD2A-273D-4BA4-BF86-B5EFE2ED76B1}.ReleaseS|Win32.ActiveCfg = ReleaseS|Win32
		{019DBD2A-273D-4BA4-BF86-B5EFE2ED76B1}.ReleaseS|Win32.Build.0 = ReleaseS|Win32
		{D6973076-9317-4EF2-A0B8-B7A18AC0713E}.Debug_DirectX9|Win32.ActiveCfg = Debug|Win32
		{D6973076-9317-4EF2-A0B8-B7A18AC0713E}.Debug_DirectX9|Win32.Build.0 = Debug|Win32
		{D6973076-9317-4EF2-A0B8-B7A18AC0713E}.Debug_OpenGL1|Win32.ActiveCfg = Debug|Win32
		{D6973076-9317-4EF2-A0B8-B7A18AC0713E}.Debug_OpenGL1|Win32.Build.0 = Debug|Win32
		{D6973076-9317-4EF2-A0B8-B7A18AC0713E}.Debug_OpenGLES2|Win32.ActiveCfg = Debug|Win32
		{D6973076-9317-4EF2-A0B8-B7A18AC0713E}.Debug_OpenGLES2|Win32.Build.0 = Debug|Win32
		{D6973076-9317-4EF2-A0B8-B7A18AC0713E}.Debug|Win32.ActiveCfg = Debug|Win32
		{D6973076-9317-4EF2-A0B8-B7A18AC0713E}.Debug|Win32.Build.0 = Debug|Win32
		{D6973076-9317-4EF2-A0B8-B7A18AC0713E}.DebugS_DirectX9|Win32.ActiveCfg = DebugS|Win32
		{D6973076-9317-4EF2-A0B8-B7A18AC0713E}.DebugS_DirectX9|Win32.Build.0 = DebugS|Win32
		{D6973076-9317-4EF2-A0B8-B7A18AC0713E}.DebugS_OpenGL1|Win32.ActiveCfg = DebugS|Win32
		{D6973076-9317-4EF2-A0B8-B7A18AC0713E}.DebugS_OpenGL1|Win32.Build.0 = DebugS|Win32
		{D6973076-9317-4EF2-A0B8-B7A18AC0713E}.DebugS_OpenGLES2|Win32.ActiveCfg = DebugS|Win32
		{D6973076-9317-4EF2-A0B8-B7A18AC0713E}.DebugS_OpenGLES2|Win32.Build.0 = DebugS|Win32
		{D6973076-9317-4EF2-A0B8-B7A18AC0713E}.DebugS|Win32.ActiveCfg = DebugS|Win32
		{D6973076-9317-4EF2-A0B8-B7A18AC0713E}.DebugS|Win32.Build.0 = DebugS|Win32
		{D6973076-9317-4EF2-A0B8-B7A18AC0713E}.Release_DirectX9|Win32.ActiveCfg = Release|Win32
		{D6973076-9317-4EF2-A0B8-B7A18AC0713E}.Release_DirectX9|Win32.Build.0 = Release|Win32
		{D6973076-9317-4EF2-A0B8-B7A18AC0713E}.Release_OpenGL1|Win32.ActiveCfg = Release|Win32
		{D6973076-9317-4EF2-A0B8-B7A18AC0713E}.Release_OpenGL1|Win32.Build.0 = Release|Win32
		{D6973076-9317-4EF2-A0B8-B7A18AC0713E}.Release_OpenGLES2|Win32.ActiveCfg = Release|Win32
		{D6973076-9317-4EF2-A0B8-B7A18AC0713E}.Release_OpenGLES2|Win32.Build.0 = Release|Win32
		{D6973076-9317-4EF2-A0B8-B7A18AC0713E}.Release|Win32.ActiveCfg = Release|Win32
		{D6973076-9317-4EF2-A0B8-B7A18AC0713E}.Release|Win32.Build.0 = Release|Win32
		{D6973076-9317-4EF2-A0B8-B7A18AC0713E}.ReleaseS_DirectX9|Win32.ActiveCfg = ReleaseS|Win32
		{D6973076-9317-4EF2-A0B8-B7A18AC0713E}.ReleaseS_DirectX9|Win32.Build.0 = ReleaseS|Win32
		{D6973076-9317-4EF2-A0B8-B7A18AC0713E}.ReleaseS_OpenGL1|Win32.ActiveCfg = ReleaseS|Win32
		{D6973076-9317-4EF2-A0B8-B7A18AC0713E}.ReleaseS_OpenGL1|Win32.Build.0 = ReleaseS|Win32
		{D6973076-9317-4EF2-A0B8-B7A18AC0713E}.ReleaseS_OpenGLES2|Win32.ActiveCfg = ReleaseS|Win32
		{D6973076-9317-4EF2-A0B8-B7A18AC0713E}.ReleaseS_OpenGLES2|Win32.Build.0 = ReleaseS|Win32
		{D6973076-9317-4EF2-A0B8-B7A18AC0713E}.ReleaseS|Win32.ActiveCfg = ReleaseS|Win32
		{D6973076-9317-4EF2-A0B8-B7A18AC0713E}.ReleaseS|Win32.Build.0 = ReleaseS|Win32
		{60F89955-91C6-3A36-8000-13C592FEC2DF}.Debug_DirectX9|Win32.ActiveCfg = Debug|Win32
		{60F89955-91C6-3A36-8000-13C592FEC2DF}.Debug_DirectX9|Win32.Build.0 = Debug|Win32
		{60F89955-91C6-3A36-8000-13C592FEC2DF}.Debug_OpenGL1|Win32.ActiveCfg = Debug|Win32
		{60F89955-91C6-3A36-8000-13C592FEC2DF}.Debug_OpenGL1|Win32.Build.0 = Debug|Win32
		{60F89955-91C6-3A36-8000-13C592FEC2DF}.Debug_OpenGLES2|Win32.ActiveCfg = Debug|Win32
		{60F89955-91C6-3A36-8000-13C592FEC2DF}.Debug_OpenGLES2|Win32.Build.0 = Debug|Win32
		{60F89955-91C6-3A36-8000-13C592FEC2DF}.Debug|Win32.ActiveCfg = Debug|Win32
		{60F89955-91C6-3A36-8000-13C592FEC2DF}.Debug|Win32.Build.0 = Debug|Win32
		{60F89955-91C6-3A36-8000-13C592FEC2DF}.DebugS_DirectX9|Win32.ActiveCfg = DebugS|Win32
		{60F89955-91C6-3A36-8000-13C592FEC2DF}.DebugS_DirectX9|Win32.Build.0 = DebugS|Win32
		{60F89955-91C6-3A36-8000-13C592FEC2DF}.DebugS_OpenGL1|Win32.ActiveCfg = DebugS|Win32
		{60F89955-91C6-3A36-8000-13C592FEC2DF}.DebugS_OpenGL1|Win32.Build.0 = DebugS|Win32
		{60F89955-91C6-3A36-8000-13C592FEC2DF}.DebugS_OpenGLES2|Win32.ActiveCfg = DebugS|Win32
		{60F89955-91C6-3A36-8000-13C592FEC2DF}.DebugS_OpenGLES2|Win32.Build.0 = DebugS|Win32
		{60F89955-91C6-3A36-8000-13C592FEC2DF}.DebugS|Win32.ActiveCfg = DebugS|Win32
		{60F89955-91C6-3A36-8000-13C592FEC2DF}.DebugS|Win32.Build.0 = DebugS|Win32
		{60F89955-91C6-3A36-8000-13C592FEC2DF}.Release_DirectX9|Win32.ActiveCfg = Release|Win32
		{60F89955-91C6-3A36-8000-13C592FEC2DF}.Release_DirectX9|Win32.Build.0 = Release|Win32
		{60F89955-91C6-3A36-8000-13C592FEC2DF}.Release_OpenGL1|Win32.ActiveCfg = Release|Win32
		{60F89955-91C6-3A36-8000-13C592FEC2DF}.Release_OpenGL1|Win32.Build.0 = Release|Win32
		{60F89955-91C6-3A36-8000-13C592FEC2DF}.Release_OpenGLES2|Win32.ActiveCfg = Release|Win32
		{60F89955-91C6-3A36-8000-13C592FEC2DF}.Release_OpenGLES2|Win32.Build.0 = Release|Win32
		{60F89955-91C6-3A36-8000-13C592FEC2DF}.Release|Win32.ActiveCfg = Release|Win32
		{60F89955-91C6-3A36-8000-13C592FEC2DF}.Release|Win32.Build.0 = Release|Win32
		{60F89955-91C6-3A36-8000-13C592FEC2DF}.ReleaseS_DirectX9|Win32.ActiveCfg = ReleaseS|Win32
		{60F89955-91C6-3A36-8000-13C592FEC2DF}.ReleaseS_DirectX9|Win32.Build.0 = ReleaseS|Win32
		{60F89955-91C6-3A36-8000-13C592FEC2DF}.ReleaseS_OpenGL1|Win32.ActiveCfg = ReleaseS|Win32
		{60F89955-91C6-3A36-8000-13C592FEC2DF}.ReleaseS_OpenGL1|Win32.Build.0 = ReleaseS|Win32
		{60F89955-91C6-3A36-8000-13C592FEC2DF}.ReleaseS_OpenGLES2|Win32.ActiveCfg = ReleaseS|Win32
		{60F89955-91C6-3A36-8000-13C592FEC2DF}.ReleaseS_OpenGLES2|Win32.Build.0 = ReleaseS|Win32
		{60F89955-91C6-3A36-8000-13C592FEC2DF}.ReleaseS|Win32.ActiveCfg = ReleaseS|Win32
		{60F89955-91C6-3A36-8000-13C592FEC2DF}.ReleaseS|Win32.Build.0 = ReleaseS|Win32
		{8469E474-67C7-457A-97BC-28FAE7085B0F}.Debug_DirectX9|Win32.ActiveCfg = Debug|Win32
		{8469E474-67C7-457A-97BC-28FAE7085B0F}.Debug_OpenGL1|Win32.ActiveCfg = Debug|Win32
		{8469E474-67C7-457A-97BC-28FAE7085B0F}.Debug_OpenGL1|Win32.Build.0 = Debug|Win32
		{8469E474-67C7-457A-97BC-28FAE7085B0F}.Debug_OpenGLES2|Win32.ActiveCfg = Debug|Win32
		{8469E474-67C7-457A-97BC-28FAE7085B0F}.Debug_OpenGLES2|Win32.Build.0 = Debug|Win32
		{8469E474-67C7-457A-97BC-28FAE7085B0F}.Debug|Win32.ActiveCfg = Debug|Win32
		{8469E474-67C7-457A-97BC-28FAE7085B0F}.Debug|Win32.Build.0 = Debug|Win32
		{8469E474-67C7-457A-97BC-28FAE7085B0F}.DebugS_DirectX9|Win32.ActiveCfg = DebugS|Win32
		{8469E474-67C7-457A-97BC-28FAE7085B0F}.DebugS_OpenGL1|Win32.ActiveCfg = DebugS|Win32
		{8469E474-67C7-457A-97BC-28FAE7085B0F}.DebugS_OpenGL1|Win32.Build.0 = DebugS|Win32
		{8469E474-67C7-457A-97BC-28FAE7085B0F}.DebugS_OpenGLES2|Win32.ActiveCfg = DebugS|Win32
		{8469E474-67C7-457A-97BC-28FAE7085B0F}.DebugS|Win32.ActiveCfg = DebugS|Win32
		{8469E474-67C7-457A-97BC-28FAE7085B0F}.DebugS|Win32.Build.0 = DebugS|Win32
		{8469E474-67C7-457A-97BC-28FAE7085B0F}.Release_DirectX9|Win32.ActiveCfg = Release|Win32
		{8469E474-67C7-457A-97BC-28FAE7085B0F}.Release_OpenGL1|Win32.ActiveCfg = Release|Win32
		{8469E474-67C7-457A-97BC-28FAE7085B0F}.Release_OpenGL1|Win32.Build.0 = Release|Win32
		{8469E474-67C7-457A-97BC-28FAE7085B0F}.Release_OpenGLES2|Win32.ActiveCfg = Release|Win32
		{8469E474-67C7-457A-97BC-28FAE7085B0F}.Release_OpenGLES2|Win32.Build.0 = Release|Win32
		{8469E474-67C7-457A-97BC-28FAE7085B0F}.Release|Win32.ActiveCfg = Release|Win32
		{8469E474-67C7-457A-97BC-28FAE7085B0F}.Release|Win32.Build.0 = Release|Win32
		{8469E474-67C7-457A-97BC-28FAE7085B0F}.ReleaseS_DirectX9|Win32.ActiveCfg = ReleaseS|Win32
		{8469E474-67C7-457A-97BC-28FAE7085B0F}.ReleaseS_OpenGL1|Win32.ActiveCfg = ReleaseS|Win32
		{8469E474-67C7-457A-97BC-28FAE7085B0F}.ReleaseS_OpenGL1|Win32.Build.0 = ReleaseS|Win32
		{8469E474-67C7-457A-97BC-28FAE7085B0F}.ReleaseS_OpenGLES2|Win32.ActiveCfg = ReleaseS|Win32
		{8469E474-67C7-457A-97BC-28FAE7085B0F}.ReleaseS_OpenGLES2|Win32.Build.0 = ReleaseS|Win32
		{8469E474-67C7-457A-97BC-28FAE7085B0F}.ReleaseS|Win32.ActiveCfg = ReleaseS|Win32
		{8469E474-67C7-457A-97BC-28FAE7085B0F}.ReleaseS|Win32.Build.0 = ReleaseS|Win32
		{3779CEDA-3D08-4E79-88A7-A47C85316825}.Debug_DirectX9|Win32.ActiveCfg = Debug|Win32
		{3779CEDA-3D08-4E79-88A7-A47C85316825}.Debug_DirectX9|Win32.Build.0 = Debug|Win32
		{3779CEDA-3D08-4E79-88A7-A47C85316825}.Debug_OpenGL1|Win32.ActiveCfg = Debug|Win32
		{3779CEDA-3D08-4E79-88A7-A47C85316825}.Debug_OpenGL1|Win32.Build.0 = Debug|Win32
		{3779CEDA-3D08-4E79-88A7-A47C85316825}.Debug_OpenGLES2|Win32.ActiveCfg = Debug|Win32
		{3779CEDA-3D08-4E79-88A7-A47C85316825}.Debug_OpenGLES2|Win32.Build.0 = Debug|Win32
		{3779CEDA-3D08-4E79-88A7-A47C85316825}.Debug|Win32.ActiveCfg = Debug|Win32
		{3779CEDA-3D08-4E79-88A7-A47C85316825}.Debug|Win32.Build.0 = Debug|Win32
		{3779CEDA-3D08-4E79-88A7-A47C85316825}.DebugS_DirectX9|Win32.ActiveCfg = DebugS|Win32
		{3779CEDA-3D08-4E79-88A7-A47C85316825}.DebugS_DirectX9|Win32.Build.0 = DebugS|Win32
		{3779CEDA-3D08-4E79-88A7-A47C85316825}.DebugS_OpenGL1|Win32.ActiveCfg = DebugS|Win32
		{3779CEDA-3D08-4E79-88A7-A47C85316825}.DebugS_OpenGL1|Win32.Build.0 = DebugS|Win32
		{3779CEDA-3D08-4E79-88A7-A47C85316825}.DebugS_OpenGLES2|Win32.ActiveCfg = DebugS|Win32
		{3779CEDA-3D08-4E79-88A7-A47C85316825}.DebugS|Win32.ActiveCfg = DebugS|Win32
		{3779CEDA-3D08-4E79-88A7-A47C85316825}.DebugS|Win32.Build.0 = DebugS|Win32
		{3779CEDA-3D08-4E79-88A7-A47C85316825}.Release_DirectX9|Win32.ActiveCfg = Release|Win32
		{3779CEDA-3D08-4E79-88A7-A47C85316825}.Release_DirectX9|Win32.Build.0 = Release|Win32
		{3779CEDA-3D08-4E79-88A7-A47C85316825}.Release_OpenGL1|Win32.ActiveCfg = Release|Win32
		{3779CEDA-3D08-4E79-88A7-A47C85316825}.Release_OpenGL1|Win32.Build.0 = Release|Win32
		{3779CEDA-3D08-4E79-88A7-A47C85316825}.Release_OpenGLES2|Win32.ActiveCfg = Release|Win32
		{3779CEDA-3D08-4E79-88A7-A47C85316825}.Release_OpenGLES2|Win32.Build.0 = Release|Win32
		{3779CEDA-3D08-4E79-88A7-A47C85316825}.Release|Win32.ActiveCfg = Release|Win32
		{3779CEDA-3D08-4E79-88A7-A47C85316825}.Release|Win32.Build.0 = Release|Win32
		{3779CEDA-3D08-4E79-88A7-A47C85316825}.ReleaseS_DirectX9|Win32.ActiveCfg = ReleaseS|Win32
		{3779CEDA-3D08-4E79-88A7-A47C85316825}.ReleaseS_DirectX9|Win32.Build.0 = ReleaseS|Win32
		{3779CEDA-3D08-4E79-88A7-A47C85316825}.ReleaseS_OpenGL1|Win32.ActiveCfg = ReleaseS|Win32
		{3779CEDA-3D08-4E79-88A7-A47C85316825}.ReleaseS_OpenGL1|Win32.Build.0 = ReleaseS|Win32
		{3779CEDA-3D08-4E79-88A7-A47C85316825}.ReleaseS_OpenGLES2|Win32.ActiveCfg = ReleaseS|Win32
		{3779CEDA-3D08-4E79-88A7-A47C85316825}.ReleaseS_OpenGLES2|Win32.Build.0 = ReleaseS|Win32
		{3779CEDA-3D08-4E79-88A7-A47C85316825}.ReleaseS|Win32.ActiveCfg = ReleaseS|Win32
		{3779CEDA-3D08-4E79-88A7-A47C85316825}.ReleaseS|Win32.Build.0 = ReleaseS|Win32
		{E0BA09D4-16F6-495D-8497-C7FC5BA2C7B7}.Debug_DirectX9|Win32.ActiveCfg = Debug|Win32
		{E0BA09D4-16F6-495D-8497-C7FC5BA2C7B7}.Debug_DirectX9|Win32.Build.0 = Debug|Win32
		{E0BA09D4-16F6-495D-8497-C7FC5BA2C7B7}.Debug_OpenGL1|Win32.ActiveCfg = Debug|Win32
		{E0BA09D4-16F6-495D-8497-C7FC5BA2C7B7}.Debug_OpenGL1|Win32.Build.0 = Debug|Win32
		{E0BA09D4-16F6-495D-8497-C7FC5BA2C7B7}.Debug_OpenGLES2|Win32.ActiveCfg = Debug|Win32
		{E0BA09D4-16F6-495D-8497-C7FC5BA2C7B7}.Debug_OpenGLES2|Win32.Build.0 = Debug|Win32
		{E0BA09D4-16F6-495D-8497-C7FC5BA2C7B7}.Debug|Win32.ActiveCfg = Debug|Win32
		{E0BA09D4-16F6-495D-8497-C7FC5BA2C7B7}.Debug|Win32.Build.0 = Debug|Win32
		{E0BA09D4-16F6-495D-8497-C7FC5BA2C7B7}.DebugS_DirectX9|Win32.ActiveCfg = DebugS|Win32
		{E0BA09D4-16F6-495D-8497-C7FC5BA2C7B7}.DebugS_DirectX9|Win32.Build.0 = DebugS|Win32
		{E0BA09D4-16F6-495D-8497-C7FC5BA2C7B7}.DebugS_OpenGL1|Win32.ActiveCfg = DebugS|Win32
		{E0BA09D4-16F6-495D-8497-C7FC5BA2C7B7}.DebugS_OpenGL1|Win32.Build.0 = DebugS|Win32
		{E0BA09D4-16F6-495D-8497-C7FC5BA2C7B7}.DebugS_OpenGLES2|Win32.ActiveCfg = DebugS|Win32
		{E0BA09D4-16F6-495D-8497-C7FC5BA2C7B7}.DebugS|Win32.ActiveCfg = DebugS|Win32
		{E0BA09D4-16F6-495D-8497-C7FC5BA2C7B7}.DebugS|Win32.Build.0 = DebugS|Win32
		{E0BA09D4-16F6-495D-8497-C7FC5BA2C7B7}.Release_DirectX9|Win32.ActiveCfg = Release|Win32
		{E0BA09D4-16F6-495D-8497-C7FC5BA2C7B7}.Release_DirectX9|Win32.Build.0 = Release|Win32
		{E0BA09D4-16F6-495D-8497-C7FC5BA2C7B7}.Release_OpenGL1|Win32.ActiveCfg = Release|Win32
		{E0BA09D4-16F6-495D-8497-C7FC5BA2C7B7}.Release_OpenGL1|Win32.Build.0 = Release|Win32
		{E0BA09D4-16F6-495D-8497-C7FC5BA2C7B7}.Release_OpenGLES2|Win32.ActiveCfg = Release|Win32
		{E0BA09D4-16F6-495D-8497-C7FC5BA2C7B7}.Release_OpenGLES2|Win32.Build.0 = Release|Win32
		{E0BA09D4-16F6-495D-8497-C7FC5BA2C7B7}.Release|Win32.ActiveCfg = Release|Win32
		{E0BA09D4-16F6-495D-8497-C7FC5BA2C7B7}.Release|Win32.Build.0 = Release|Win32
		{E0BA09D4-16F6-495D-8497-C7FC5BA2C7B7}.ReleaseS_DirectX9|Win32.ActiveCfg = ReleaseS|Win32
		{E0BA09D4-16F6-495D-8497-C7FC5BA2C7B7}.ReleaseS_DirectX9|Win32.Build.0 = ReleaseS|Win32
		{E0BA09D4-16F6-495D-8497-C7FC5BA2C7B7}.ReleaseS_OpenGL1|Win32.ActiveCfg = ReleaseS|Win32
		{E0BA09D4-16F6-495D-8497-C7FC5BA2C7B7}.ReleaseS_OpenGL1|Win32.Build.0 = ReleaseS|Win32
		{E0BA09D4-16F6-495D-8497-C7FC5BA2C7B7}.ReleaseS_OpenGLES2|Win32.ActiveCfg = ReleaseS|Win32
		{E0BA09D4-16F6-495D-8497-C7FC5BA2C7B7}.ReleaseS_OpenGLES2|Win32.Build.0 = ReleaseS|Win32
		{E0BA09D4-16F6-495D-8497-C7FC5BA2C7B7}.ReleaseS|Win32.ActiveCfg = ReleaseS|Win32
		{E0BA09D4-16F6-495D-8497-C7FC5BA2C7B7}.ReleaseS|Win32.Build.0 = ReleaseS|Win32
		{35FE2927-8530-406C-A49B-5F54EA4B80CB}.Debug_DirectX9|Win32.ActiveCfg = Debug|Win32
		{35FE2927-8530-406C-A49B-5F54EA4B80CB}.Debug_DirectX9|Win32.Build.0 = Debug|Win32
		{35FE2927-8530-406C-A49B-5F54EA4B80CB}.Debug_OpenGL1|Win32.ActiveCfg = Debug|Win32
		{35FE2927-8530-406C-A49B-5F54EA4B80CB}.Debug_OpenGL1|Win32.Build.0 = Debug|Win32
		{35FE2927-8530-406C-A49B-5F54EA4B80CB}.Debug_OpenGLES2|Win32.ActiveCfg = Debug|Win32
		{35FE2927-8530-406C-A49B-5F54EA4B80CB}.Debug_OpenGLES2|Win32.Build.0 = Debug|Win32
		{35FE2927-8530-406C-A49B-5F54EA4B80CB}.Debug|Win32.ActiveCfg = Debug|Win32
		{35FE2927-8530-406C-A49B-5F54EA4B80CB}.Debug|Win32.Build.0 = Debug|Win32
		{35FE2927-8530-406C-A49B-5F54EA4B80CB}.DebugS_DirectX9|Win32.ActiveCfg = DebugS|Win32
		{35FE2927-8530-406C-A49B-5F54EA4B80CB}.DebugS_DirectX9|Win32.Build.0 = DebugS|Win32
		{35FE2927-8530-406C-A49B-5F54EA4B80CB}.DebugS_OpenGL1|Win32.ActiveCfg = DebugS|Win32
		{35FE2927-8530-406C-A49B-5F54EA4B80CB}.DebugS_OpenGL1|Win32.Build.0 = DebugS|Win32
		{35FE2927-8530-406C-A49B-5F54EA4B80CB}.DebugS_OpenGLES2|Win32.ActiveCfg = DebugS|Win32
		{35FE2927-8530-406C-A49B-5F54EA4B80CB}.DebugS_OpenGLES2|Win32.Build.0 = DebugS|Win32
		{35FE2927-8530-406C-A49B-5F54EA4B80CB}.DebugS|Win32.ActiveCfg = DebugS|Win32
		{35FE2927-8530-406C-A49B-5F54EA4B80CB}.DebugS|Win32.Build.0 = DebugS|Win32
		{35FE2927-8530-406C-A49B-5F54EA4B80CB}.Release_DirectX9|Win32.ActiveCfg = Release|Win32
		{35FE2927-8530-406C-A49B-5F54EA4B80CB}.Release_DirectX9|Win32.Build.0 = Release|Win32
		{35FE2927-8530-406C-A49B-5F54EA4B80CB}.Release_OpenGL1|Win32.ActiveCfg = Release|Win32
		{35FE2927-8530-406C-A49B-5F54EA4B80CB}.Release_OpenGL1|Win32.Build.0 = Release|Win32
		{35FE2927-8530-406C-A49B-5F54EA4B80CB}.Release_OpenGLES2|Win32.ActiveCfg = Release|Win32
		{35FE2927-8530-406C-A49B-5F54EA4B80CB}.Release_OpenGLES2|Win32.Build.0 = Release|Win32
		{35FE2927-8530-406C-A49B-5F54EA4B80CB}.Release|Win32.ActiveCfg = Release|Win32
		{35FE2927-8530-406C-A49B-5F54EA4B80CB}.Release|Win32.Build.0 = Release|Win32
		{35FE2927-8530-406C-A49B-5F54EA4B80CB}.ReleaseS_DirectX9|Win32.ActiveCfg = ReleaseS|Win32
		{35FE2927-8530-406C-A49B-5F54EA4B80CB}.ReleaseS_DirectX9|Win32.Build.0 = ReleaseS|Win32
		{35FE2927-8530-406C-A49B-5F54EA4B80CB}.ReleaseS_OpenGL1|Win32.ActiveCfg = ReleaseS|Win32
		{35FE2927-8530-406C-A49B-5F54EA4B80CB}.ReleaseS_OpenGL1|Win32.Build.0 = ReleaseS|Win32
		{35FE2927-8530-406C-A49B-5F54EA4B80CB}.ReleaseS_OpenGLES2|Win32.ActiveCfg = ReleaseS|Win32
		{35FE2927-8530-406C-A49B-5F54EA4B80CB}.ReleaseS_OpenGLES2|Win32.Build.0 = ReleaseS|Win32
		{35FE2927-8530-406C-A49B-5F54EA4B80CB}.ReleaseS|Win32.ActiveCfg = ReleaseS|Win32
		{35FE2927-8530-406C-A49B-5F54EA4B80CB}.ReleaseS|Win32.Build.0 = ReleaseS|Win32
		{115121E1-2F6F-48FF-89EF-6B530A6D59ED}.Debug_DirectX9|Win32.ActiveCfg = Debug|Win32
		{115121E1-2F6F-48FF-89EF-6B530A6D59ED}.Debug_DirectX9|Win32.Build.0 = Debug|Win32
		{115121E1-2F6F-48FF-89EF-6B530A6D59ED}.Debug_OpenGL1|Win32.ActiveCfg = Debug|Win32
		{115121E1-2F6F-48FF-89EF-6B530A6D59ED}.Debug_OpenGL1|Win32.Build.0 = Debug|Win32
		{115121E1-2F6F-48FF-89EF-6B530A6D59ED}.Debug_OpenGLES2|Win32.ActiveCfg = Debug|Win32
		{115121E1-2F6F-48FF-89EF-6B530A6D59ED}.Debug_OpenGLES2|Win32.Build.0 = Debug|Win32
		{115121E1-2F6F-48FF-89EF-6B530A6D59ED}.Debug|Win32.ActiveCfg = Debug|Win32
		{115121E1-2F6F-48FF-89EF-6B530A6D59ED}.Debug|Win32.Build.0 = Debug|Win32
		{115121E1-2F6F-48FF-89EF-6B530A6D59ED}.DebugS_DirectX9|Win32.ActiveCfg = DebugS|Win32
		{115121E1-2F6F-48FF-89EF-6B530A6D59ED}.DebugS_DirectX9|Win32.Build.0 = DebugS|Win32
		{115121E1-2F6F-48FF-89EF-6B530A6D59ED}.DebugS_OpenGL1|Win32.ActiveCfg = DebugS|Win32
		{115121E1-2F6F-48FF-89EF-6B530A6D59ED}.DebugS_OpenGL1|Win32.Build.0 = DebugS|Win32
		{115121E1-2F6F-48FF-89EF-6B530A6D59ED}.DebugS_OpenGLES2|Win32.ActiveCfg = DebugS|Win32
		{115121E1-2F6F-48FF-89EF-6B530A6D59ED}.DebugS_OpenGLES2|Win32.Build.0 = DebugS|Win32
		{115121E1-2F6F-48FF-89EF-6B530A6D59ED}.DebugS|Win32.ActiveCfg = DebugS|Win32
		{115121E1-2F6F-48FF-89EF-6B530A6D59ED}.DebugS|Win32.Build.0 = DebugS|Win32
		{115121E1-2F6F-48FF-89EF-6B530A6D59ED}.Release_DirectX9|Win32.ActiveCfg = Release|Win32
		{115121E1-2F6F-48FF-89EF-6B530A6D59ED}.Release_DirectX9|Win32.Build.0 = Release|Win32
		{115121E1-2F6F-48FF-89EF-6B530A6D59ED}.Release_OpenGL1|Win32.ActiveCfg = Release|Win32
		{115121E1-2F6F-48FF-89EF-6B530A6D59ED}.Release_OpenGL1|Win32.Build.0 = Release|Win32
		{115121E1-2F6F-48FF-89EF-6B530A6D59ED}.Release_OpenGLES2|Win32.ActiveCfg = Release|Win32
		{115121E1-2F6F-48FF-89EF-6B530A6D59ED}.Release_OpenGLES2|Win32.Build.0 = Release|Win32
		{115121E1-2F6F-48FF-89EF-6B530A6D59ED}.Release|Win32.ActiveCfg = Release|Win32
		{115121E1-2F6F-48FF-89EF-6B530A6D59ED}.Release|Win32.Build.0 = Release|Win32
		{115121E1-2F6F-48FF-89EF-6B530A6D59ED}.ReleaseS_DirectX9|Win32.ActiveCfg = ReleaseS|Win32
		{115121E1-2F6F-48FF-89EF-6B530A6D59ED}.ReleaseS_DirectX9|Win32.Build.0 = ReleaseS|Win32
		{115121E1-2F6F-48FF-89EF-6B530A6D59ED}.ReleaseS_OpenGL1|Win32.ActiveCfg = ReleaseS|Win32
		{115121E1-2F6F-48FF-89EF-6B530A6D59ED}.ReleaseS_OpenGL1|Win32.Build.0 = ReleaseS|Win32
		{115121E1-2F6F-48FF-89EF-6B530A6D59ED}.ReleaseS_OpenGLES2|Win32.ActiveCfg = ReleaseS|Win32
		{115121E1-2F6F-48FF-89EF-6B530A6D59ED}.ReleaseS_OpenGLES2|Win32.Build.0 = ReleaseS|Win32
		{115121E1-2F6F-48FF-89EF-6B530A6D59ED}.ReleaseS|Win32.ActiveCfg = ReleaseS|Win32
		{115121E1-2F6F-48FF-89EF-6B530A6D59ED}.ReleaseS|Win32.Build.0 = ReleaseS|Win32
		{220BF603-2D51-41BA-BE06-3064985A9944}.Debug_DirectX9|Win32.ActiveCfg = Debug|Win32
		{220BF603-2D51-41BA-BE06-3064985A9944}.Debug_DirectX9|Win32.Build.0 = Debug|Win32
		{220BF603-2D51-41BA-BE06-3064985A9944}.Debug_OpenGL1|Win32.ActiveCfg = Debug|Win32
		{220BF603-2D51-41BA-BE06-3064985A9944}.Debug_OpenGL1|Win32.Build.0 = Debug|Win32
		{220BF603-2D51-41BA-BE06-3064985A9944}.Debug_OpenGLES2|Win32.ActiveCfg = Debug|Win32
		{220BF603-2D51-41BA-BE06-3064985A9944}.Debug_OpenGLES2|Win32.Build.0 = Debug|Win32
		{220BF603-2D51-41BA-BE06-3064985A9944}.Debug|Win32.ActiveCfg = Debug|Win32
		{220BF603-2D51-41BA-BE06-3064985A9944}.Debug|Win32.Build.0 = Debug|Win32
		{220BF603-2D51-41BA-BE06-3064985A9944}.DebugS_DirectX9|Win32.ActiveCfg = DebugS|Win32
		{220BF603-2D51-41BA-BE06-3064985A9944}.DebugS_DirectX9|Win32.Build.0 = DebugS|Win32
		{220BF603-2D51-41BA-BE06-3064985A9944}.DebugS_OpenGL1|Win32.ActiveCfg = DebugS|Win32
		{220BF603-2D51-41BA-BE06-3064985A9944}.DebugS_OpenGL1|Win32.Build.0 = DebugS|Win32
		{220BF603-2D51-41BA-BE06-3064985A9944}.DebugS_OpenGLES2|Win32.ActiveCfg = DebugS|Win32
		{220BF603-2D51-41BA-BE06-3064985A9944}.DebugS_OpenGLES2|Win32.Build.0 = DebugS|Win32
		{220BF603-2D51-41BA-BE06-3064985A9944}.DebugS|Win32.ActiveCfg = DebugS|Win32
		{220BF603-2D51-41BA-BE06-3064985A9944}.DebugS|Win32.Build.0 = DebugS|Win32
		{220BF603-2D51-41BA-BE06-3064985A9944}.Release_DirectX9|Win32.ActiveCfg = Release|Win32
		{220BF603-2D51-41BA-BE06-3064985A9944}.Release_DirectX9|Win32.Build.0 = Release|Win32
		{220BF603-2D51-41BA-BE06-3064985A9944}.Release_OpenGL1|Win32.ActiveCfg = Release|Win32
		{220BF603-2D51-41BA-BE06-3064985A9944}.Release_OpenGL1|Win32.Build.0 = Release|Win32
		{220BF603-2D51-41BA-BE06-3064985A9944}.Release_OpenGLES2|Win32.ActiveCfg = Release|Win32
		{220BF603-2D51-41BA-BE06-3064985A9944}.Release_OpenGLES2|Win32.Build.0 = Release|Win32
		{220BF603-2D51-41BA-BE06-3064985A9944}.Release|Win32.ActiveCfg = Release|Win32
		{220BF603-2D51-41BA-BE06-3064985A9944}.Release|Win32.Build.0 = Release|Win32
		{220BF603-2D51-41BA-BE06-3064985A9944}.ReleaseS_DirectX9|Win32.ActiveCfg = ReleaseS|Win32
		{220BF603-2D51-41BA-BE06-3064985A9944}.ReleaseS_DirectX9|Win32.Build.0 = ReleaseS|Win32
		{220BF603-2D51-41BA-BE06-3064985A9944}.ReleaseS_OpenGL1|Win32.ActiveCfg = ReleaseS|Win32
		{220BF603-2D51-41BA-BE06-3064985A9944}.ReleaseS_OpenGL1|Win32.Build.0 = ReleaseS|Win32
		{220BF603-2D51-41BA-BE06-3064985A9944}.ReleaseS_OpenGLES2|Win32.ActiveCfg = ReleaseS|Win32
		{220BF603-2D51-41BA-BE06-3064985A9944}.ReleaseS_OpenGLES2|Win32.Build.0 = ReleaseS|Win32
		{220BF603-2D51-41BA-BE06-3064985A9944}.ReleaseS|Win32.ActiveCfg = ReleaseS|Win32
		{220BF603-2D51-41BA-BE06-3064985A9944}.ReleaseS|Win32.Build.0 = ReleaseS|Win32
		{B4215EAF-C9E2-43E3-AF50-8B28C47A7A76}.Debug_DirectX9|Win32.ActiveCfg = Debug|Win32
		{B4215EAF-C9E2-43E3-AF50-8B28C47A7A76}.Debug_DirectX9|Win32.Build.0 = Debug|Win32
		{B4215EAF-C9E2-43E3-AF50-8B28C47A7A76}.Debug_OpenGL1|Win32.ActiveCfg = Debug|Win32
		{B4215EAF-C9E2-43E3-AF50-8B28C47A7A76}.Debug_OpenGL1|Win32.Build.0 = Debug|Win32
		{B4215EAF-C9E2-43E3-AF50-8B28C47A7A76}.Debug_OpenGLES2|Win32.ActiveCfg = Debug|Win32
		{B4215EAF-C9E2-43E3-AF50-8B28C47A7A76}.Debug_OpenGLES2|Win32.Build.0 = Debug|Win32
		{B4215EAF-C9E2-43E3-AF50-8B28C47A7A76}.Debug|Win32.ActiveCfg = Debug|Win32
		{B4215EAF-C9E2-43E3-AF50-8B28C47A7A76}.Debug|Win32.Build.0 = Debug|Win32
		{B4215EAF-C9E2-43E3-AF50-8B28C47A7A76}.DebugS_DirectX9|Win32.ActiveCfg = DebugS|Win32
		{B4215EAF-C9E2-43E3-AF50-8B28C47A7A76}.DebugS_DirectX9|Win32.Build.0 = DebugS|Win32
		{B4215EAF-C9E2-43E3-AF50-8B28C47A7A76}.DebugS_OpenGL1|Win32.ActiveCfg = DebugS|Win32
		{B4215EAF-C9E2-43E3-AF50-8B28C47A7A76}.DebugS_OpenGL1|Win32.Build.0 = DebugS|Win32
		{B4215EAF-C9E2-43E3-AF50-8B28C47A7A76}.DebugS_OpenGLES2|Win32.ActiveCfg = DebugS|Win32
		{B4215EAF-C9E2-43E3-AF50-8B28C47A7A76}.DebugS_OpenGLES2|Win32.Build.0 = DebugS|Win32
		{B4215EAF-C9E2-43E3-AF50-8B28C47A7A76}.DebugS|Win32.ActiveCfg = DebugS|Win32
		{B4215EAF-C9E2-43E3-AF50-8B28C47A7A76}.DebugS|Win32.Build.0 = DebugS|Win32
		{B4215EAF-C9E2-43E3-AF50-8B28C47A7A76}.Release_DirectX9|Win32.ActiveCfg = Release|Win32
		{B4215EAF-C9E2-43E3-AF50-8B28C47A7A76}.Release_DirectX9|Win32.Build.0 = Release|Win32
		{B4215EAF-C9E2-43E3-AF50-8B28C47A7A76}.Release_OpenGL1|Win32.ActiveCfg = Release|Win32
		{B4215EAF-C9E2-43E3-AF50-8B28C47A7A76}.Release_OpenGL1|Win32.Build.0 = Release|Win32
		{B4215EAF-C9E2-43E3-AF50-8B28C47A7A76}.Release_OpenGLES2|Win32.ActiveCfg = Release|Win32
		{B4215EAF-C9E2-43E3-AF50-8B28C47A7A76}.Release_OpenGLES2|Win32.Build.0 = Release|Win32
		{B4215EAF-C9E2-43E3-AF50-8B28C47A7A76}.Release|Win32.ActiveCfg = Release|Win32
		{B4215EAF-C9E2-43E3-AF50-8B28C47A7A76}.Release|Win32.Build.0 = Release|Win32
		{B4215EAF-C9E2-43E3-AF50-8B28C47A7A76}.ReleaseS_DirectX9|Win32.ActiveCfg = ReleaseS|Win32
		{B4215EAF-C9E2-43E3-AF50-8B28C47A7A76}.ReleaseS_DirectX9|Win32.Build.0 = ReleaseS|Win32
		{B4215EAF-C9E2-43E3-AF50-8B28C47A7A76}.ReleaseS_OpenGL1|Win32.ActiveCfg = ReleaseS|Win32
		{B4215EAF-C9E2-43E3-AF50-8B28C47A7A76}.ReleaseS_OpenGL1|Win32.Build.0 = ReleaseS|Win32
		{B4215EAF-C9E2-43E3-AF50-8B28C47A7A76}.ReleaseS_OpenGLES2|Win32.ActiveCfg = ReleaseS|Win32
		{B4215EAF-C9E2-43E3-AF50-8B28C47A7A76}.ReleaseS_OpenGLES2|Win32.Build.0 = ReleaseS|Win32
		{B4215EAF-C9E2-43E3-AF50-8B28C47A7A76}.ReleaseS|Win32.ActiveCfg = ReleaseS|Win32
		{B4215EAF-C9E2-43E3-AF50-8B28C47A7A76}.ReleaseS|Win32.Build.0 = ReleaseS|Win32
	EndGlobalSection
	GlobalSection(SolutionProperties) = preSolution
		HideSolutionNode = FALSE
	EndGlobalSection
EndGlobal
