<?xml version="1.0" encoding="utf-8"?>
<Project ToolsVersion="4.0" xmlns="http://schemas.microsoft.com/developer/msbuild/2003">
  <ItemGroup>
    <Filter Include="Source Files">
      <UniqueIdentifier>{4FC737F1-C7A5-4376-A066-2A32D752A2FF}</UniqueIdentifier>
      <Extensions>cpp;c;cc;cxx;def;odl;idl;hpj;bat;asm;asmx</Extensions>
    </Filter>
    <Filter Include="Header Files">
      <UniqueIdentifier>{ae0a0e14-1b62-4123-a673-92fabe9dab3c}</UniqueIdentifier>
    </Filter>
  </ItemGroup>
  <ItemGroup>
    <ClCompile Include="..\..\demos\demo_interface\demo_interface.cpp">
      <Filter>Source Files</Filter>
    </ClCompile>
    <ClCompile Include="..\..\demos\demo_interface\CustomWindow.cpp">
      <Filter>Source Files</Filter>
    </ClCompile>
    <ClCompile Include="..\..\demos\demo_interface\CustomRenderSystem.cpp">
      <Filter>Source Files</Filter>
    </ClCompile>
    <ClCompile Include="..\..\demos\demo_interface\CustomTexture.cpp">
      <Filter>Source Files</Filter>
    </ClCompile>
    <ClCompile Include="..\..\demos\demo_interface\CustomRenderSystem.h">
      <Filter>Header Files</Filter>
    </ClCompile>
    <ClCompile Include="..\..\demos\demo_interface\CustomTexture.h">
      <Filter>Header Files</Filter>
    </ClCompile>
    <ClCompile Include="..\..\demos\demo_interface\CustomWindow.h">
      <Filter>Header Files</Filter>
    </ClCompile>
  </ItemGroup>
</Project>