// !$*UTF8*$!
{
	archiveVersion = 1;
	classes = {
	};
	objectVersion = 46;
	objects = {

/* Begin PBXBuildFile section */
		D121756E1BD520B5002BA428 /* aprilpix.cpp in Sources */ = {isa = PBXBuildFile; fileRef = D12175691BD520B5002BA428 /* aprilpix.cpp */; };
		D121756F1BD520B5002BA428 /* aprilpix.cpp in Sources */ = {isa = PBXBuildFile; fileRef = D12175691BD520B5002BA428 /* aprilpix.cpp */; };
		D12175701BD520B5002BA428 /* aprilpix.cpp in Sources */ = {isa = PBXBuildFile; fileRef = D12175691BD520B5002BA428 /* aprilpix.cpp */; };
		D12175711BD520B5002BA428 /* ImagePvr.cpp in Sources */ = {isa = PBXBuildFile; fileRef = D121756A1BD520B5002BA428 /* ImagePvr.cpp */; };
		D12175721BD520B5002BA428 /* ImagePvr.cpp in Sources */ = {isa = PBXBuildFile; fileRef = D121756A1BD520B5002BA428 /* ImagePvr.cpp */; };
		D12175731BD520B5002BA428 /* ImagePvr.cpp in Sources */ = {isa = PBXBuildFile; fileRef = D121756A1BD520B5002BA428 /* ImagePvr.cpp */; };
		D12175741BD520B5002BA428 /* ImagePvr.h in Headers */ = {isa = PBXBuildFile; fileRef = D121756B1BD520B5002BA428 /* ImagePvr.h */; };
		D12175751BD520B5002BA428 /* ImagePvr.h in Headers */ = {isa = PBXBuildFile; fileRef = D121756B1BD520B5002BA428 /* ImagePvr.h */; };
		D12175761BD520B5002BA428 /* ImagePvr.h in Headers */ = {isa = PBXBuildFile; fileRef = D121756B1BD520B5002BA428 /* ImagePvr.h */; };
		D12175771BD520B5002BA428 /* ImageWebp.cpp in Sources */ = {isa = PBXBuildFile; fileRef = D121756C1BD520B5002BA428 /* ImageWebp.cpp */; };
		D12175781BD520B5002BA428 /* ImageWebp.cpp in Sources */ = {isa = PBXBuildFile; fileRef = D121756C1BD520B5002BA428 /* ImageWebp.cpp */; };
		D12175791BD520B5002BA428 /* ImageWebp.cpp in Sources */ = {isa = PBXBuildFile; fileRef = D121756C1BD520B5002BA428 /* ImageWebp.cpp */; };
		D121757A1BD520B5002BA428 /* ImageWebp.h in Headers */ = {isa = PBXBuildFile; fileRef = D121756D1BD520B5002BA428 /* ImageWebp.h */; };
		D121757B1BD520B5002BA428 /* ImageWebp.h in Headers */ = {isa = PBXBuildFile; fileRef = D121756D1BD520B5002BA428 /* ImageWebp.h */; };
		D121757C1BD520B5002BA428 /* ImageWebp.h in Headers */ = {isa = PBXBuildFile; fileRef = D121756D1BD520B5002BA428 /* ImageWebp.h */; };
		D121757F1BD520BE002BA428 /* aprilpix.h in Headers */ = {isa = PBXBuildFile; fileRef = D121757D1BD520BE002BA428 /* aprilpix.h */; settings = {ATTRIBUTES = (Public, ); }; };
		D12175801BD520BE002BA428 /* aprilpixExport.h in Headers */ = {isa = PBXBuildFile; fileRef = D121757E1BD520BE002BA428 /* aprilpixExport.h */; settings = {ATTRIBUTES = (Public, ); }; };
		D18766731BE7658E00C989D2 /* PVRTArray.h in Headers */ = {isa = PBXBuildFile; fileRef = D187666B1BE7658E00C989D2 /* PVRTArray.h */; };
		D18766741BE7658E00C989D2 /* PVRTArray.h in Headers */ = {isa = PBXBuildFile; fileRef = D187666B1BE7658E00C989D2 /* PVRTArray.h */; };
		D18766761BE7658E00C989D2 /* PVRTDecompress.cpp in Sources */ = {isa = PBXBuildFile; fileRef = D187666C1BE7658E00C989D2 /* PVRTDecompress.cpp */; };
		D18766771BE7658E00C989D2 /* PVRTDecompress.cpp in Sources */ = {isa = PBXBuildFile; fileRef = D187666C1BE7658E00C989D2 /* PVRTDecompress.cpp */; };
		D18766791BE7658E00C989D2 /* PVRTDecompress.h in Headers */ = {isa = PBXBuildFile; fileRef = D187666D1BE7658E00C989D2 /* PVRTDecompress.h */; };
		D187667A1BE7658E00C989D2 /* PVRTDecompress.h in Headers */ = {isa = PBXBuildFile; fileRef = D187666D1BE7658E00C989D2 /* PVRTDecompress.h */; };
		D187667C1BE7658E00C989D2 /* PVRTError.h in Headers */ = {isa = PBXBuildFile; fileRef = D187666E1BE7658E00C989D2 /* PVRTError.h */; };
		D187667D1BE7658E00C989D2 /* PVRTError.h in Headers */ = {isa = PBXBuildFile; fileRef = D187666E1BE7658E00C989D2 /* PVRTError.h */; };
		D187667F1BE7658E00C989D2 /* PVRTGlobal.h in Headers */ = {isa = PBXBuildFile; fileRef = D187666F1BE7658E00C989D2 /* PVRTGlobal.h */; };
		D18766801BE7658E00C989D2 /* PVRTGlobal.h in Headers */ = {isa = PBXBuildFile; fileRef = D187666F1BE7658E00C989D2 /* PVRTGlobal.h */; };
		D18766821BE7658E00C989D2 /* PVRTMap.h in Headers */ = {isa = PBXBuildFile; fileRef = D18766701BE7658E00C989D2 /* PVRTMap.h */; };
		D18766831BE7658E00C989D2 /* PVRTMap.h in Headers */ = {isa = PBXBuildFile; fileRef = D18766701BE7658E00C989D2 /* PVRTMap.h */; };
		D18766851BE7658E00C989D2 /* PVRTTexture.cpp in Sources */ = {isa = PBXBuildFile; fileRef = D18766711BE7658E00C989D2 /* PVRTTexture.cpp */; };
		D18766861BE7658E00C989D2 /* PVRTTexture.cpp in Sources */ = {isa = PBXBuildFile; fileRef = D18766711BE7658E00C989D2 /* PVRTTexture.cpp */; };
		D18766881BE7658E00C989D2 /* PVRTTexture.h in Headers */ = {isa = PBXBuildFile; fileRef = D18766721BE7658E00C989D2 /* PVRTTexture.h */; };
		D18766891BE7658E00C989D2 /* PVRTTexture.h in Headers */ = {isa = PBXBuildFile; fileRef = D18766721BE7658E00C989D2 /* PVRTTexture.h */; };
/* End PBXBuildFile section */

/* Begin PBXFileReference section */
		8DC2EF5A0486A6940098B216 /* Info.plist */ = {isa = PBXFileReference; fileEncoding = 4; lastKnownFileType = text.plist.xml; path = Info.plist; sourceTree = "<group>"; };
		8DC2EF5B0486A6940098B216 /* aprilpix.framework */ = {isa = PBXFileReference; explicitFileType = wrapper.framework; includeInIndex = 0; path = aprilpix.framework; sourceTree = BUILT_PRODUCTS_DIR; };
		D12175691BD520B5002BA428 /* aprilpix.cpp */ = {isa = PBXFileReference; fileEncoding = 4; lastKnownFileType = sourcecode.cpp.cpp; name = aprilpix.cpp; path = src/aprilpix.cpp; sourceTree = "<group>"; };
		D121756A1BD520B5002BA428 /* ImagePvr.cpp */ = {isa = PBXFileReference; fileEncoding = 4; lastKnownFileType = sourcecode.cpp.cpp; name = ImagePvr.cpp; path = src/ImagePvr.cpp; sourceTree = "<group>"; };
		D121756B1BD520B5002BA428 /* ImagePvr.h */ = {isa = PBXFileReference; fileEncoding = 4; lastKnownFileType = sourcecode.c.h; name = ImagePvr.h; path = src/ImagePvr.h; sourceTree = "<group>"; };
		D121756C1BD520B5002BA428 /* ImageWebp.cpp */ = {isa = PBXFileReference; fileEncoding = 4; lastKnownFileType = sourcecode.cpp.cpp; name = ImageWebp.cpp; path = src/ImageWebp.cpp; sourceTree = "<group>"; };
		D121756D1BD520B5002BA428 /* ImageWebp.h */ = {isa = PBXFileReference; fileEncoding = 4; lastKnownFileType = sourcecode.c.h; name = ImageWebp.h; path = src/ImageWebp.h; sourceTree = "<group>"; };
		D121757D1BD520BE002BA428 /* aprilpix.h */ = {isa = PBXFileReference; fileEncoding = 4; lastKnownFileType = sourcecode.c.h; name = aprilpix.h; path = include/aprilpix/aprilpix.h; sourceTree = "<group>"; };
		D121757E1BD520BE002BA428 /* aprilpixExport.h */ = {isa = PBXFileReference; fileEncoding = 4; lastKnownFileType = sourcecode.c.h; name = aprilpixExport.h; path = include/aprilpix/aprilpixExport.h; sourceTree = "<group>"; };
		D1522F1C140F79500012F290 /* libaprilpix.a */ = {isa = PBXFileReference; explicitFileType = archive.ar; includeInIndex = 0; path = libaprilpix.a; sourceTree = BUILT_PRODUCTS_DIR; };
		D1681B7518D761D80088FC68 /* iOS.xcconfig */ = {isa = PBXFileReference; lastKnownFileType = text.xcconfig; name = iOS.xcconfig; path = xcconfig/iOS.xcconfig; sourceTree = "<group>"; };
		D1681B7618D761D80088FC68 /* Mac.xcconfig */ = {isa = PBXFileReference; lastKnownFileType = text.xcconfig; name = Mac.xcconfig; path = xcconfig/Mac.xcconfig; sourceTree = "<group>"; };
		D187666B1BE7658E00C989D2 /* PVRTArray.h */ = {isa = PBXFileReference; fileEncoding = 4; lastKnownFileType = sourcecode.c.h; name = PVRTArray.h; path = "src/PowerVR-SDK/PVRTArray.h"; sourceTree = "<group>"; };
		D187666C1BE7658E00C989D2 /* PVRTDecompress.cpp */ = {isa = PBXFileReference; fileEncoding = 4; lastKnownFileType = sourcecode.cpp.cpp; name = PVRTDecompress.cpp; path = "src/PowerVR-SDK/PVRTDecompress.cpp"; sourceTree = "<group>"; };
		D187666D1BE7658E00C989D2 /* PVRTDecompress.h */ = {isa = PBXFileReference; fileEncoding = 4; lastKnownFileType = sourcecode.c.h; name = PVRTDecompress.h; path = "src/PowerVR-SDK/PVRTDecompress.h"; sourceTree = "<group>"; };
		D187666E1BE7658E00C989D2 /* PVRTError.h */ = {isa = PBXFileReference; fileEncoding = 4; lastKnownFileType = sourcecode.c.h; name = PVRTError.h; path = "src/PowerVR-SDK/PVRTError.h"; sourceTree = "<group>"; };
		D187666F1BE7658E00C989D2 /* PVRTGlobal.h */ = {isa = PBXFileReference; fileEncoding = 4; lastKnownFileType = sourcecode.c.h; name = PVRTGlobal.h; path = "src/PowerVR-SDK/PVRTGlobal.h"; sourceTree = "<group>"; };
		D18766701BE7658E00C989D2 /* PVRTMap.h */ = {isa = PBXFileReference; fileEncoding = 4; lastKnownFileType = sourcecode.c.h; name = PVRTMap.h; path = "src/PowerVR-SDK/PVRTMap.h"; sourceTree = "<group>"; };
		D18766711BE7658E00C989D2 /* PVRTTexture.cpp */ = {isa = PBXFileReference; fileEncoding = 4; lastKnownFileType = sourcecode.cpp.cpp; name = PVRTTexture.cpp; path = "src/PowerVR-SDK/PVRTTexture.cpp"; sourceTree = "<group>"; };
		D18766721BE7658E00C989D2 /* PVRTTexture.h */ = {isa = PBXFileReference; fileEncoding = 4; lastKnownFileType = sourcecode.c.h; name = PVRTTexture.h; path = "src/PowerVR-SDK/PVRTTexture.h"; sourceTree = "<group>"; };
		D1F27A89177A2CB600E5C131 /* libaprilpix.a */ = {isa = PBXFileReference; explicitFileType = archive.ar; includeInIndex = 0; path = libaprilpix.a; sourceTree = BUILT_PRODUCTS_DIR; };
/* End PBXFileReference section */

/* Begin PBXFrameworksBuildPhase section */
		8DC2EF560486A6940098B216 /* Frameworks */ = {
			isa = PBXFrameworksBuildPhase;
			buildActionMask = 2147483647;
			files = (
			);
			runOnlyForDeploymentPostprocessing = 0;
		};
		D1522F19140F79500012F290 /* Frameworks */ = {
			isa = PBXFrameworksBuildPhase;
			buildActionMask = 2147483647;
			files = (
			);
			runOnlyForDeploymentPostprocessing = 0;
		};
		D1F27A81177A2CB600E5C131 /* Frameworks */ = {
			isa = PBXFrameworksBuildPhase;
			buildActionMask = 2147483647;
			files = (
			);
			runOnlyForDeploymentPostprocessing = 0;
		};
/* End PBXFrameworksBuildPhase section */

/* Begin PBXGroup section */
		034768DFFF38A50411DB9C8B /* Products */ = {
			isa = PBXGroup;
			children = (
				8DC2EF5B0486A6940098B216 /* aprilpix.framework */,
				D1522F1C140F79500012F290 /* libaprilpix.a */,
				D1F27A89177A2CB600E5C131 /* libaprilpix.a */,
			);
			name = Products;
			sourceTree = "<group>";
		};
		0867D691FE84028FC02AAC07 /* libaprilpix */ = {
			isa = PBXGroup;
			children = (
				D1681B7718D7626C0088FC68 /* config */,
				7F42F6E811EB0E0600B1C1DF /* include */,
				7F42F6E711EB0E0200B1C1DF /* src */,
				034768DFFF38A50411DB9C8B /* Products */,
			);
			name = libaprilpix;
			sourceTree = "<group>";
		};
		7F42F6E711EB0E0200B1C1DF /* src */ = {
			isa = PBXGroup;
			children = (
				D187668B1BE7659100C989D2 /* PowerVR SDK */,
				D12175691BD520B5002BA428 /* aprilpix.cpp */,
				D121756A1BD520B5002BA428 /* ImagePvr.cpp */,
				D121756B1BD520B5002BA428 /* ImagePvr.h */,
				D121756C1BD520B5002BA428 /* ImageWebp.cpp */,
				D121756D1BD520B5002BA428 /* ImageWebp.h */,
			);
			name = src;
			sourceTree = "<group>";
		};
		7F42F6E811EB0E0600B1C1DF /* include */ = {
			isa = PBXGroup;
			children = (
				D121757D1BD520BE002BA428 /* aprilpix.h */,
				D121757E1BD520BE002BA428 /* aprilpixExport.h */,
			);
			name = include;
			sourceTree = "<group>";
		};
		D1681B7718D7626C0088FC68 /* config */ = {
			isa = PBXGroup;
			children = (
				8DC2EF5A0486A6940098B216 /* Info.plist */,
				D1681B7518D761D80088FC68 /* iOS.xcconfig */,
				D1681B7618D761D80088FC68 /* Mac.xcconfig */,
			);
			name = config;
			sourceTree = "<group>";
		};
		D187668B1BE7659100C989D2 /* PowerVR SDK */ = {
			isa = PBXGroup;
			children = (
				D187666B1BE7658E00C989D2 /* PVRTArray.h */,
				D187666C1BE7658E00C989D2 /* PVRTDecompress.cpp */,
				D187666D1BE7658E00C989D2 /* PVRTDecompress.h */,
				D187666E1BE7658E00C989D2 /* PVRTError.h */,
				D187666F1BE7658E00C989D2 /* PVRTGlobal.h */,
				D18766701BE7658E00C989D2 /* PVRTMap.h */,
				D18766711BE7658E00C989D2 /* PVRTTexture.cpp */,
				D18766721BE7658E00C989D2 /* PVRTTexture.h */,
			);
			name = "PowerVR SDK";
			sourceTree = "<group>";
		};
/* End PBXGroup section */

/* Begin PBXHeadersBuildPhase section */
		8DC2EF500486A6940098B216 /* Headers */ = {
			isa = PBXHeadersBuildPhase;
			buildActionMask = 2147483647;
			files = (
				D121757F1BD520BE002BA428 /* aprilpix.h in Headers */,
				D187667C1BE7658E00C989D2 /* PVRTError.h in Headers */,
				D12175801BD520BE002BA428 /* aprilpixExport.h in Headers */,
				D18766821BE7658E00C989D2 /* PVRTMap.h in Headers */,
				D18766881BE7658E00C989D2 /* PVRTTexture.h in Headers */,
				D121757A1BD520B5002BA428 /* ImageWebp.h in Headers */,
				D12175741BD520B5002BA428 /* ImagePvr.h in Headers */,
				D18766731BE7658E00C989D2 /* PVRTArray.h in Headers */,
				D18766791BE7658E00C989D2 /* PVRTDecompress.h in Headers */,
				D187667F1BE7658E00C989D2 /* PVRTGlobal.h in Headers */,
			);
			runOnlyForDeploymentPostprocessing = 0;
		};
		D1522F1A140F79500012F290 /* Headers */ = {
			isa = PBXHeadersBuildPhase;
			buildActionMask = 2147483647;
			files = (
				D121757C1BD520B5002BA428 /* ImageWebp.h in Headers */,
				D12175761BD520B5002BA428 /* ImagePvr.h in Headers */,
			);
			runOnlyForDeploymentPostprocessing = 0;
		};
		D1F27A82177A2CB600E5C131 /* Headers */ = {
			isa = PBXHeadersBuildPhase;
			buildActionMask = 2147483647;
			files = (
				D18766891BE7658E00C989D2 /* PVRTTexture.h in Headers */,
				D121757B1BD520B5002BA428 /* ImageWebp.h in Headers */,
				D18766801BE7658E00C989D2 /* PVRTGlobal.h in Headers */,
				D12175751BD520B5002BA428 /* ImagePvr.h in Headers */,
				D18766741BE7658E00C989D2 /* PVRTArray.h in Headers */,
				D187667A1BE7658E00C989D2 /* PVRTDecompress.h in Headers */,
				D18766831BE7658E00C989D2 /* PVRTMap.h in Headers */,
				D187667D1BE7658E00C989D2 /* PVRTError.h in Headers */,
			);
			runOnlyForDeploymentPostprocessing = 0;
		};
/* End PBXHeadersBuildPhase section */

/* Begin PBXNativeTarget section */
		8DC2EF4F0486A6940098B216 /* aprilpix */ = {
			isa = PBXNativeTarget;
			buildConfigurationList = 1DEB91AD08733DA50010E9CD /* Build configuration list for PBXNativeTarget "aprilpix" */;
			buildPhases = (
				8DC2EF500486A6940098B216 /* Headers */,
				8DC2EF540486A6940098B216 /* Sources */,
				8DC2EF560486A6940098B216 /* Frameworks */,
			);
			buildRules = (
			);
			dependencies = (
			);
			name = aprilpix;
			productInstallPath = "$(HOME)/Library/Frameworks";
			productName = libaprilpix;
			productReference = 8DC2EF5B0486A6940098B216 /* aprilpix.framework */;
			productType = "com.apple.product-type.framework";
		};
		D1522F1B140F79500012F290 /* aprilpix (iOS) */ = {
			isa = PBXNativeTarget;
			buildConfigurationList = D1522F2B140F79500012F290 /* Build configuration list for PBXNativeTarget "aprilpix (iOS)" */;
			buildPhases = (
				D1522F18140F79500012F290 /* Sources */,
				D1522F19140F79500012F290 /* Frameworks */,
				D1522F1A140F79500012F290 /* Headers */,
			);
			buildRules = (
			);
			dependencies = (
			);
			name = "aprilpix (iOS)";
			productName = "libaprilpix-ios";
			productReference = D1522F1C140F79500012F290 /* libaprilpix.a */;
			productType = "com.apple.product-type.library.static";
		};
		D1F27A77177A2CB600E5C131 /* aprilpix (Mac) */ = {
			isa = PBXNativeTarget;
			buildConfigurationList = D1F27A83177A2CB600E5C131 /* Build configuration list for PBXNativeTarget "aprilpix (Mac)" */;
			buildPhases = (
				D1F27A78177A2CB600E5C131 /* Sources */,
				D1F27A81177A2CB600E5C131 /* Frameworks */,
				D1F27A82177A2CB600E5C131 /* Headers */,
			);
			buildRules = (
			);
			dependencies = (
			);
			name = "aprilpix (Mac)";
			productName = "libaprilpix-ios";
			productReference = D1F27A89177A2CB600E5C131 /* libaprilpix.a */;
			productType = "com.apple.product-type.library.static";
		};
/* End PBXNativeTarget section */

/* Begin PBXProject section */
		0867D690FE84028FC02AAC07 /* Project object */ = {
			isa = PBXProject;
			attributes = {
				LastUpgradeCheck = 1030;
			};
			buildConfigurationList = 1DEB91B108733DA50010E9CD /* Build configuration list for PBXProject "aprilpix" */;
			compatibilityVersion = "Xcode 3.2";
			developmentRegion = en;
			hasScannedForEncodings = 1;
			knownRegions = (
				Base,
				en,
			);
			mainGroup = 0867D691FE84028FC02AAC07 /* libaprilpix */;
			productRefGroup = 034768DFFF38A50411DB9C8B /* Products */;
			projectDirPath = "";
			projectRoot = "";
			targets = (
				8DC2EF4F0486A6940098B216 /* aprilpix */,
				D1F27A77177A2CB600E5C131 /* aprilpix (Mac) */,
				D1522F1B140F79500012F290 /* aprilpix (iOS) */,
			);
		};
/* End PBXProject section */

/* Begin PBXSourcesBuildPhase section */
		8DC2EF540486A6940098B216 /* Sources */ = {
			isa = PBXSourcesBuildPhase;
			buildActionMask = 2147483647;
			files = (
				D18766761BE7658E00C989D2 /* PVRTDecompress.cpp in Sources */,
				D12175711BD520B5002BA428 /* ImagePvr.cpp in Sources */,
				D121756E1BD520B5002BA428 /* aprilpix.cpp in Sources */,
				D12175771BD520B5002BA428 /* ImageWebp.cpp in Sources */,
				D18766851BE7658E00C989D2 /* PVRTTexture.cpp in Sources */,
			);
			runOnlyForDeploymentPostprocessing = 0;
		};
		D1522F18140F79500012F290 /* Sources */ = {
			isa = PBXSourcesBuildPhase;
			buildActionMask = 2147483647;
			files = (
				D12175731BD520B5002BA428 /* ImagePvr.cpp in Sources */,
				D12175701BD520B5002BA428 /* aprilpix.cpp in Sources */,
				D12175791BD520B5002BA428 /* ImageWebp.cpp in Sources */,
			);
			runOnlyForDeploymentPostprocessing = 0;
		};
		D1F27A78177A2CB600E5C131 /* Sources */ = {
			isa = PBXSourcesBuildPhase;
			buildActionMask = 2147483647;
			files = (
				D18766771BE7658E00C989D2 /* PVRTDecompress.cpp in Sources */,
				D12175721BD520B5002BA428 /* ImagePvr.cpp in Sources */,
				D121756F1BD520B5002BA428 /* aprilpix.cpp in Sources */,
				D12175781BD520B5002BA428 /* ImageWebp.cpp in Sources */,
				D18766861BE7658E00C989D2 /* PVRTTexture.cpp in Sources */,
			);
			runOnlyForDeploymentPostprocessing = 0;
		};
/* End PBXSourcesBuildPhase section */

/* Begin XCBuildConfiguration section */
		7F7A5614129D436D00E0ED12 /* App Store */ = {
			isa = XCBuildConfiguration;
			buildSettings = {
				CLANG_WARN_BOOL_CONVERSION = YES;
				CLANG_WARN_CONSTANT_CONVERSION = YES;
				CLANG_WARN_EMPTY_BODY = YES;
				CLANG_WARN_ENUM_CONVERSION = YES;
				CLANG_WARN_INFINITE_RECURSION = YES;
				CLANG_WARN_INT_CONVERSION = YES;
				CLANG_WARN_SUSPICIOUS_MOVE = YES;
				CLANG_WARN_UNREACHABLE_CODE = YES;
				CLANG_WARN__DUPLICATE_METHOD_MATCH = YES;
				ENABLE_STRICT_OBJC_MSGSEND = YES;
				GCC_NO_COMMON_BLOCKS = YES;
				GCC_WARN_64_TO_32_BIT_CONVERSION = YES;
				GCC_WARN_ABOUT_RETURN_TYPE = YES;
				GCC_WARN_UNDECLARED_SELECTOR = YES;
				GCC_WARN_UNINITIALIZED_AUTOS = YES;
				GCC_WARN_UNUSED_FUNCTION = YES;
				GCC_WARN_UNUSED_VARIABLE = YES;
				HEADER_SEARCH_PATHS = (
					"${SRCROOT}/../../hltypes/include",
					"${SRCROOT}/../../gtypes/include",
					"${SRCROOT}/../include",
					"${SRCROOT}/../lib/webp/include",
				);
				PRODUCT_NAME = aprilpix;
			};
			name = "App Store";
		};
		7F7A5615129D436D00E0ED12 /* App Store */ = {
			isa = XCBuildConfiguration;
			baseConfigurationReference = D1681B7618D761D80088FC68 /* Mac.xcconfig */;
			buildSettings = {
				ALWAYS_SEARCH_USER_PATHS = NO;
				GCC_PREPROCESSOR_DEFINITIONS = (
					_MAC,
					_PVR,
					_WEBP,
					"$(inherited)",
				);
				INFOPLIST_FILE = Info.plist;
				LD_DYLIB_INSTALL_NAME = "@executable_path/../Frameworks/$(EXECUTABLE_PATH)";
				PRODUCT_BUNDLE_IDENTIFIER = "com.googlecode.${PRODUCT_NAME:rfc1034Identifier}";
				PRODUCT_NAME = aprilpix;
				SKIP_INSTALL = YES;
				WRAPPER_EXTENSION = framework;
			};
			name = "App Store";
		};
		C9160585132AE60400914FFC /* Debug */ = {
			isa = XCBuildConfiguration;
			buildSettings = {
				CLANG_WARN_BOOL_CONVERSION = YES;
				CLANG_WARN_CONSTANT_CONVERSION = YES;
				CLANG_WARN_EMPTY_BODY = YES;
				CLANG_WARN_ENUM_CONVERSION = YES;
				CLANG_WARN_INFINITE_RECURSION = YES;
				CLANG_WARN_INT_CONVERSION = YES;
				CLANG_WARN_SUSPICIOUS_MOVE = YES;
				CLANG_WARN_UNREACHABLE_CODE = YES;
				CLANG_WARN__DUPLICATE_METHOD_MATCH = YES;
				ENABLE_STRICT_OBJC_MSGSEND = YES;
				GCC_NO_COMMON_BLOCKS = YES;
				GCC_OPTIMIZATION_LEVEL = 0;
				GCC_PREPROCESSOR_DEFINITIONS = (
					_DEBUG,
					"$(inherited)",
				);
				GCC_WARN_64_TO_32_BIT_CONVERSION = YES;
				GCC_WARN_ABOUT_RETURN_TYPE = YES;
				GCC_WARN_UNDECLARED_SELECTOR = YES;
				GCC_WARN_UNINITIALIZED_AUTOS = YES;
				GCC_WARN_UNUSED_FUNCTION = YES;
				GCC_WARN_UNUSED_VARIABLE = YES;
				HEADER_SEARCH_PATHS = (
					"${SRCROOT}/../../hltypes/include",
					"${SRCROOT}/../../gtypes/include",
					"${SRCROOT}/../include",
					"${SRCROOT}/../lib/webp/include",
				);
				ONLY_ACTIVE_ARCH = YES;
				PRODUCT_NAME = aprilpix;
			};
			name = Debug;
		};
		C9160586132AE60400914FFC /* Debug */ = {
			isa = XCBuildConfiguration;
			baseConfigurationReference = D1681B7618D761D80088FC68 /* Mac.xcconfig */;
			buildSettings = {
				ALWAYS_SEARCH_USER_PATHS = NO;
				COPY_PHASE_STRIP = NO;
				GCC_PREPROCESSOR_DEFINITIONS = (
					_MAC,
					_PVR,
					_WEBP,
					"$(inherited)",
				);
				INFOPLIST_FILE = Info.plist;
				LD_DYLIB_INSTALL_NAME = "@executable_path/../Frameworks/$(EXECUTABLE_PATH)";
				PRODUCT_BUNDLE_IDENTIFIER = "com.googlecode.${PRODUCT_NAME:rfc1034Identifier}";
				PRODUCT_NAME = aprilpix;
				SKIP_INSTALL = YES;
				WRAPPER_EXTENSION = framework;
			};
			name = Debug;
		};
		C9160587132AE61000914FFC /* Release */ = {
			isa = XCBuildConfiguration;
			buildSettings = {
				CLANG_WARN_BOOL_CONVERSION = YES;
				CLANG_WARN_CONSTANT_CONVERSION = YES;
				CLANG_WARN_EMPTY_BODY = YES;
				CLANG_WARN_ENUM_CONVERSION = YES;
				CLANG_WARN_INFINITE_RECURSION = YES;
				CLANG_WARN_INT_CONVERSION = YES;
				CLANG_WARN_SUSPICIOUS_MOVE = YES;
				CLANG_WARN_UNREACHABLE_CODE = YES;
				CLANG_WARN__DUPLICATE_METHOD_MATCH = YES;
				ENABLE_STRICT_OBJC_MSGSEND = YES;
				GCC_NO_COMMON_BLOCKS = YES;
				GCC_WARN_64_TO_32_BIT_CONVERSION = YES;
				GCC_WARN_ABOUT_RETURN_TYPE = YES;
				GCC_WARN_UNDECLARED_SELECTOR = YES;
				GCC_WARN_UNINITIALIZED_AUTOS = YES;
				GCC_WARN_UNUSED_FUNCTION = YES;
				GCC_WARN_UNUSED_VARIABLE = YES;
				HEADER_SEARCH_PATHS = (
					"${SRCROOT}/../../hltypes/include",
					"${SRCROOT}/../../gtypes/include",
					"${SRCROOT}/../include",
					"${SRCROOT}/../lib/webp/include",
				);
				PRODUCT_NAME = aprilpix;
			};
			name = Release;
		};
		C9160588132AE61000914FFC /* Release */ = {
			isa = XCBuildConfiguration;
			baseConfigurationReference = D1681B7618D761D80088FC68 /* Mac.xcconfig */;
			buildSettings = {
				ALWAYS_SEARCH_USER_PATHS = NO;
				GCC_PREPROCESSOR_DEFINITIONS = (
					_MAC,
					_PVR,
					_WEBP,
					"$(inherited)",
				);
				INFOPLIST_FILE = Info.plist;
				LD_DYLIB_INSTALL_NAME = "@executable_path/../Frameworks/$(EXECUTABLE_PATH)";
				PRODUCT_BUNDLE_IDENTIFIER = "com.googlecode.${PRODUCT_NAME:rfc1034Identifier}";
				PRODUCT_NAME = aprilpix;
				SKIP_INSTALL = YES;
				WRAPPER_EXTENSION = framework;
			};
			name = Release;
		};
		D1522F27140F79500012F290 /* Debug */ = {
			isa = XCBuildConfiguration;
			baseConfigurationReference = D1681B7518D761D80088FC68 /* iOS.xcconfig */;
			buildSettings = {
				ALWAYS_SEARCH_USER_PATHS = NO;
				COPY_PHASE_STRIP = NO;
				FRAMEWORK_SEARCH_PATHS = (
					"$(inherited)",
					"\"$(DEVELOPER_FRAMEWORKS_DIR)\"",
				);
				GCC_PRECOMPILE_PREFIX_HEADER = YES;
				GCC_PREFIX_HEADER = "";
				GCC_PREPROCESSOR_DEFINITIONS = (
					_IOS,
					_WEBP,
					"$(inherited)",
				);
				GCC_WARN_ABOUT_MISSING_PROTOTYPES = YES;
				PRODUCT_NAME = aprilpix;
				SKIP_INSTALL = YES;
			};
			name = Debug;
		};
		D1522F29140F79500012F290 /* Release */ = {
			isa = XCBuildConfiguration;
			baseConfigurationReference = D1681B7518D761D80088FC68 /* iOS.xcconfig */;
			buildSettings = {
				ALWAYS_SEARCH_USER_PATHS = NO;
				COPY_PHASE_STRIP = YES;
				FRAMEWORK_SEARCH_PATHS = (
					"$(inherited)",
					"\"$(DEVELOPER_FRAMEWORKS_DIR)\"",
				);
				GCC_PRECOMPILE_PREFIX_HEADER = YES;
				GCC_PREFIX_HEADER = "";
				GCC_PREPROCESSOR_DEFINITIONS = (
					_IOS,
					_WEBP,
					"$(inherited)",
				);
				GCC_WARN_ABOUT_MISSING_PROTOTYPES = YES;
				PRODUCT_NAME = aprilpix;
				SKIP_INSTALL = YES;
			};
			name = Release;
		};
		D1522F2A140F79500012F290 /* App Store */ = {
			isa = XCBuildConfiguration;
			baseConfigurationReference = D1681B7518D761D80088FC68 /* iOS.xcconfig */;
			buildSettings = {
				ALWAYS_SEARCH_USER_PATHS = NO;
				COPY_PHASE_STRIP = YES;
				FRAMEWORK_SEARCH_PATHS = (
					"$(inherited)",
					"\"$(DEVELOPER_FRAMEWORKS_DIR)\"",
				);
				GCC_PRECOMPILE_PREFIX_HEADER = YES;
				GCC_PREFIX_HEADER = "";
				GCC_PREPROCESSOR_DEFINITIONS = (
					_IOS,
					_WEBP,
					"$(inherited)",
				);
				GCC_WARN_ABOUT_MISSING_PROTOTYPES = YES;
				PRODUCT_NAME = aprilpix;
				SKIP_INSTALL = YES;
			};
			name = "App Store";
		};
		D1F27A85177A2CB600E5C131 /* Debug */ = {
			isa = XCBuildConfiguration;
			baseConfigurationReference = D1681B7618D761D80088FC68 /* Mac.xcconfig */;
			buildSettings = {
				ALWAYS_SEARCH_USER_PATHS = NO;
				COPY_PHASE_STRIP = NO;
				GCC_PRECOMPILE_PREFIX_HEADER = YES;
				GCC_PREFIX_HEADER = "";
				GCC_PREPROCESSOR_DEFINITIONS = (
					_MAC,
					_PVR,
					_WEBP,
					"$(inherited)",
				);
				GCC_WARN_ABOUT_MISSING_PROTOTYPES = YES;
				PRODUCT_NAME = aprilpix;
				SKIP_INSTALL = YES;
			};
			name = Debug;
		};
		D1F27A87177A2CB600E5C131 /* Release */ = {
			isa = XCBuildConfiguration;
			baseConfigurationReference = D1681B7618D761D80088FC68 /* Mac.xcconfig */;
			buildSettings = {
				ALWAYS_SEARCH_USER_PATHS = NO;
				COPY_PHASE_STRIP = YES;
				GCC_PRECOMPILE_PREFIX_HEADER = YES;
				GCC_PREFIX_HEADER = "";
				GCC_PREPROCESSOR_DEFINITIONS = (
					_MAC,
					_PVR,
					_WEBP,
					"$(inherited)",
				);
				GCC_WARN_ABOUT_MISSING_PROTOTYPES = YES;
				PRODUCT_NAME = aprilpix;
				SKIP_INSTALL = YES;
			};
			name = Release;
		};
		D1F27A88177A2CB600E5C131 /* App Store */ = {
			isa = XCBuildConfiguration;
			baseConfigurationReference = D1681B7618D761D80088FC68 /* Mac.xcconfig */;
			buildSettings = {
				ALWAYS_SEARCH_USER_PATHS = NO;
				COPY_PHASE_STRIP = YES;
				GCC_PRECOMPILE_PREFIX_HEADER = YES;
				GCC_PREFIX_HEADER = "";
				GCC_PREPROCESSOR_DEFINITIONS = (
					_MAC,
					_PVR,
					_WEBP,
					"$(inherited)",
				);
				GCC_WARN_ABOUT_MISSING_PROTOTYPES = YES;
				PRODUCT_NAME = aprilpix;
				SKIP_INSTALL = YES;
			};
			name = "App Store";
		};
/* End XCBuildConfiguration section */

/* Begin XCConfigurationList section */
		1DEB91AD08733DA50010E9CD /* Build configuration list for PBXNativeTarget "aprilpix" */ = {
			isa = XCConfigurationList;
			buildConfigurations = (
				C9160586132AE60400914FFC /* Debug */,
				C9160588132AE61000914FFC /* Release */,
				7F7A5615129D436D00E0ED12 /* App Store */,
			);
			defaultConfigurationIsVisible = 0;
			defaultConfigurationName = Debug;
		};
		1DEB91B108733DA50010E9CD /* Build configuration list for PBXProject "aprilpix" */ = {
			isa = XCConfigurationList;
			buildConfigurations = (
				C9160585132AE60400914FFC /* Debug */,
				C9160587132AE61000914FFC /* Release */,
				7F7A5614129D436D00E0ED12 /* App Store */,
			);
			defaultConfigurationIsVisible = 0;
			defaultConfigurationName = Debug;
		};
		D1522F2B140F79500012F290 /* Build configuration list for PBXNativeTarget "aprilpix (iOS)" */ = {
			isa = XCConfigurationList;
			buildConfigurations = (
				D1522F27140F79500012F290 /* Debug */,
				D1522F29140F79500012F290 /* Release */,
				D1522F2A140F79500012F290 /* App Store */,
			);
			defaultConfigurationIsVisible = 0;
			defaultConfigurationName = Debug;
		};
		D1F27A83177A2CB600E5C131 /* Build configuration list for PBXNativeTarget "aprilpix (Mac)" */ = {
			isa = XCConfigurationList;
			buildConfigurations = (
				D1F27A85177A2CB600E5C131 /* Debug */,
				D1F27A87177A2CB600E5C131 /* Release */,
				D1F27A88177A2CB600E5C131 /* App Store */,
			);
			defaultConfigurationIsVisible = 0;
			defaultConfigurationName = Debug;
		};
/* End XCConfigurationList section */
	};
	rootObject = 0867D690FE84028FC02AAC07 /* Project object */;
}
