// !$*UTF8*$!
{
	archiveVersion = 1;
	classes = {
	};
	objectVersion = 46;
	objects = {

/* Begin PBXBuildFile section */
		7F1B521012E470B200E958D8 /* OpenGL_RenderSystem.cpp in Sources */ = {isa = PBXBuildFile; fileRef = 7F1B520C12E470B200E958D8 /* OpenGL_RenderSystem.cpp */; };
		7F1B521112E470B200E958D8 /* OpenGL_RenderSystem.h in Headers */ = {isa = PBXBuildFile; fileRef = 7F1B520D12E470B200E958D8 /* OpenGL_RenderSystem.h */; settings = {ATTRIBUTES = (); }; };
		7F1B521212E470B200E958D8 /* OpenGL_Texture.cpp in Sources */ = {isa = PBXBuildFile; fileRef = 7F1B520E12E470B200E958D8 /* OpenGL_Texture.cpp */; };
		7F1B521312E470B200E958D8 /* OpenGL_Texture.h in Headers */ = {isa = PBXBuildFile; fileRef = 7F1B520F12E470B200E958D8 /* OpenGL_Texture.h */; settings = {ATTRIBUTES = (); }; };
		7F1B522A12E4710D00E958D8 /* aprilExport.h in Headers */ = {isa = PBXBuildFile; fileRef = 7F1B522712E4710D00E958D8 /* aprilExport.h */; settings = {ATTRIBUTES = (Public, ); }; };
		7F1B522B12E4710D00E958D8 /* Color.h in Headers */ = {isa = PBXBuildFile; fileRef = 7F1B522812E4710D00E958D8 /* Color.h */; settings = {ATTRIBUTES = (Public, ); }; };
		7F1B522C12E4710D00E958D8 /* Texture.h in Headers */ = {isa = PBXBuildFile; fileRef = 7F1B522912E4710D00E958D8 /* Texture.h */; settings = {ATTRIBUTES = (Public, ); }; };
		7F1B523012E4713600E958D8 /* Color.cpp in Sources */ = {isa = PBXBuildFile; fileRef = 7F1B522E12E4713600E958D8 /* Color.cpp */; };
		7F1B523112E4713600E958D8 /* Texture.cpp in Sources */ = {isa = PBXBuildFile; fileRef = 7F1B522F12E4713600E958D8 /* Texture.cpp */; };
		7F42F7A611EB178C00B1C1DF /* ImageSource.h in Headers */ = {isa = PBXBuildFile; fileRef = 7F42F7A211EB178C00B1C1DF /* ImageSource.h */; settings = {ATTRIBUTES = (Public, ); }; };
		7F42F7A711EB178C00B1C1DF /* Keys.h in Headers */ = {isa = PBXBuildFile; fileRef = 7F42F7A311EB178C00B1C1DF /* Keys.h */; settings = {ATTRIBUTES = (Public, ); }; };
		7F42F7A811EB178C00B1C1DF /* RenderSystem.h in Headers */ = {isa = PBXBuildFile; fileRef = 7F42F7A411EB178C00B1C1DF /* RenderSystem.h */; settings = {ATTRIBUTES = (Public, ); }; };
		7F42F7AC11EB179A00B1C1DF /* RenderSystem.cpp in Sources */ = {isa = PBXBuildFile; fileRef = 7F42F7AA11EB179A00B1C1DF /* RenderSystem.cpp */; };
		7F42F83211EB1A9700B1C1DF /* gtypes.framework in Frameworks */ = {isa = PBXBuildFile; fileRef = 7F42F83111EB1A9700B1C1DF /* gtypes.framework */; };
		7F42F83411EB1A9700B1C1DF /* hltypes.framework in Frameworks */ = {isa = PBXBuildFile; fileRef = 7F42F83311EB1A9700B1C1DF /* hltypes.framework */; };
		7F42FACD11EB341E00B1C1DF /* OpenGL.framework in Frameworks */ = {isa = PBXBuildFile; fileRef = 7F42FACC11EB341E00B1C1DF /* OpenGL.framework */; };
		7F42FAD511EB342900B1C1DF /* Cocoa.framework in Frameworks */ = {isa = PBXBuildFile; fileRef = 7F42FAD411EB342900B1C1DF /* Cocoa.framework */; };
		7F42FD7711EB632E00B1C1DF /* ImageSourceCG.mm in Sources */ = {isa = PBXBuildFile; fileRef = 7F42FD7611EB632E00B1C1DF /* ImageSourceCG.mm */; };
		7F4D0FEA11FEE6C500F2F9F5 /* main.h in Headers */ = {isa = PBXBuildFile; fileRef = 7F4D0FE911FEE6C500F2F9F5 /* main.h */; settings = {ATTRIBUTES = (Public, ); }; };
		7F5A5D2711FD9CAB003C05A4 /* SDLWindow.cpp in Sources */ = {isa = PBXBuildFile; fileRef = 7F5A5D2511FD9CAB003C05A4 /* SDLWindow.cpp */; };
		7F5A5D2811FD9CAB003C05A4 /* SDLWindow.h in Headers */ = {isa = PBXBuildFile; fileRef = 7F5A5D2611FD9CAB003C05A4 /* SDLWindow.h */; };
		7F5A5D2E11FD9DEB003C05A4 /* SDL.framework in Frameworks */ = {isa = PBXBuildFile; fileRef = 7F5A5D2D11FD9DEB003C05A4 /* SDL.framework */; settings = {ATTRIBUTES = (Weak, ); }; };
		7FA3ED1811F9817A001D1DDD /* Window.h in Headers */ = {isa = PBXBuildFile; fileRef = 7FA3ED1711F9817A001D1DDD /* Window.h */; settings = {ATTRIBUTES = (Public, ); }; };
		7FA3ED2711F98BAE001D1DDD /* Window.cpp in Sources */ = {isa = PBXBuildFile; fileRef = 7FA3ED2611F98BAE001D1DDD /* Window.cpp */; };
		7FC8FA29122FA58F0092964C /* Timer.h in Headers */ = {isa = PBXBuildFile; fileRef = 7FC8FA28122FA58F0092964C /* Timer.h */; settings = {ATTRIBUTES = (Public, ); }; };
		7FC8FA76122FACA30092964C /* TimerSDL.cpp in Sources */ = {isa = PBXBuildFile; fileRef = 7FC8FA75122FACA30092964C /* TimerSDL.cpp */; };
		7FCD394412018BD300608217 /* main_mac.mm in Sources */ = {isa = PBXBuildFile; fileRef = 7FCD394312018BD300608217 /* main_mac.mm */; };
		C9A8520D134AF97000B455BE /* ImageSource.cpp in Sources */ = {isa = PBXBuildFile; fileRef = C9A8520C134AF97000B455BE /* ImageSource.cpp */; };
		D1981C42140F82B00057C3AF /* OpenGL_RenderSystem.cpp in Sources */ = {isa = PBXBuildFile; fileRef = 7F1B520C12E470B200E958D8 /* OpenGL_RenderSystem.cpp */; };
		D1981C43140F82B00057C3AF /* OpenGL_Texture.cpp in Sources */ = {isa = PBXBuildFile; fileRef = 7F1B520E12E470B200E958D8 /* OpenGL_Texture.cpp */; };
		D1981C44140F82B00057C3AF /* Color.cpp in Sources */ = {isa = PBXBuildFile; fileRef = 7F1B522E12E4713600E958D8 /* Color.cpp */; };
		D1981C45140F82B00057C3AF /* Texture.cpp in Sources */ = {isa = PBXBuildFile; fileRef = 7F1B522F12E4713600E958D8 /* Texture.cpp */; };
		D1981C47140F82B00057C3AF /* ImageSource.cpp in Sources */ = {isa = PBXBuildFile; fileRef = C9A8520C134AF97000B455BE /* ImageSource.cpp */; };
		D1981C48140F82B00057C3AF /* ImageSourceCG.mm in Sources */ = {isa = PBXBuildFile; fileRef = 7F42FD7611EB632E00B1C1DF /* ImageSourceCG.mm */; };
		D1981C49140F82B00057C3AF /* RenderSystem.cpp in Sources */ = {isa = PBXBuildFile; fileRef = 7F42F7AA11EB179A00B1C1DF /* RenderSystem.cpp */; };
		D1981C4A140F82B00057C3AF /* Window.cpp in Sources */ = {isa = PBXBuildFile; fileRef = 7FA3ED2611F98BAE001D1DDD /* Window.cpp */; };
		D1981C4F140F849A0057C3AF /* OpenGLES.framework in Frameworks */ = {isa = PBXBuildFile; fileRef = D1981C4E140F849A0057C3AF /* OpenGLES.framework */; };
		D1981C51140F84A10057C3AF /* UIKit.framework in Frameworks */ = {isa = PBXBuildFile; fileRef = D1981C50140F84A10057C3AF /* UIKit.framework */; };
		D1981C53140F84AA0057C3AF /* CoreGraphics.framework in Frameworks */ = {isa = PBXBuildFile; fileRef = D1981C52140F84AA0057C3AF /* CoreGraphics.framework */; };
		D1981C55140F84B00057C3AF /* Foundation.framework in Frameworks */ = {isa = PBXBuildFile; fileRef = D1981C54140F84B00057C3AF /* Foundation.framework */; };
		D1981C57140F84B60057C3AF /* CoreFoundation.framework in Frameworks */ = {isa = PBXBuildFile; fileRef = D1981C56140F84B60057C3AF /* CoreFoundation.framework */; };
		D1981C65140F85350057C3AF /* ApriliOSAppDelegate.h in Headers */ = {isa = PBXBuildFile; fileRef = D1981C59140F85350057C3AF /* ApriliOSAppDelegate.h */; };
		D1981C67140F85350057C3AF /* AprilViewController.h in Headers */ = {isa = PBXBuildFile; fileRef = D1981C5B140F85350057C3AF /* AprilViewController.h */; };
		D1981C69140F85350057C3AF /* EAGLView.h in Headers */ = {isa = PBXBuildFile; fileRef = D1981C5D140F85350057C3AF /* EAGLView.h */; };
		D1981C6B140F85350057C3AF /* iOSWindow.h in Headers */ = {isa = PBXBuildFile; fileRef = D1981C5F140F85350057C3AF /* iOSWindow.h */; };
		D1981C6D140F85350057C3AF /* PVRTexture.h in Headers */ = {isa = PBXBuildFile; fileRef = D1981C61140F85350057C3AF /* PVRTexture.h */; };
		D1981C6F140F85350057C3AF /* WBImage.h in Headers */ = {isa = PBXBuildFile; fileRef = D1981C63140F85350057C3AF /* WBImage.h */; };
		D1981C73140F858F0057C3AF /* ApriliOSAppDelegate.mm in Sources */ = {isa = PBXBuildFile; fileRef = D1981C5A140F85350057C3AF /* ApriliOSAppDelegate.mm */; };
		D1981C75140F858F0057C3AF /* EAGLView.mm in Sources */ = {isa = PBXBuildFile; fileRef = D1981C5E140F85350057C3AF /* EAGLView.mm */; };
		D1981C76140F858F0057C3AF /* iOSWindow.mm in Sources */ = {isa = PBXBuildFile; fileRef = D1981C60140F85350057C3AF /* iOSWindow.mm */; };
		D1981C77140F858F0057C3AF /* PVRTexture.m in Sources */ = {isa = PBXBuildFile; fileRef = D1981C62140F85350057C3AF /* PVRTexture.m */; };
		D1981C78140F858F0057C3AF /* WBImage.m in Sources */ = {isa = PBXBuildFile; fileRef = D1981C64140F85350057C3AF /* WBImage.m */; };
		D1981C79140F858F0057C3AF /* TimerPosix.cpp in Sources */ = {isa = PBXBuildFile; fileRef = D1981C71140F856B0057C3AF /* TimerPosix.cpp */; };
		D1981C7A140F87060057C3AF /* AprilViewController.m in Sources */ = {isa = PBXBuildFile; fileRef = D1981C5C140F85350057C3AF /* AprilViewController.m */; };
		D1E0E27A140FA6D000422D84 /* main_ios.mm in Sources */ = {isa = PBXBuildFile; fileRef = D1E0E277140FA68B00422D84 /* main_ios.mm */; };
/* End PBXBuildFile section */

/* Begin PBXFileReference section */
		7F1B520C12E470B200E958D8 /* OpenGL_RenderSystem.cpp */ = {isa = PBXFileReference; fileEncoding = 4; lastKnownFileType = sourcecode.cpp.cpp; name = OpenGL_RenderSystem.cpp; path = rendersystems/OpenGL/OpenGL_RenderSystem.cpp; sourceTree = "<group>"; };
		7F1B520D12E470B200E958D8 /* OpenGL_RenderSystem.h */ = {isa = PBXFileReference; fileEncoding = 4; lastKnownFileType = sourcecode.c.h; name = OpenGL_RenderSystem.h; path = rendersystems/OpenGL/OpenGL_RenderSystem.h; sourceTree = "<group>"; };
		7F1B520E12E470B200E958D8 /* OpenGL_Texture.cpp */ = {isa = PBXFileReference; fileEncoding = 4; lastKnownFileType = sourcecode.cpp.cpp; name = OpenGL_Texture.cpp; path = rendersystems/OpenGL/OpenGL_Texture.cpp; sourceTree = "<group>"; };
		7F1B520F12E470B200E958D8 /* OpenGL_Texture.h */ = {isa = PBXFileReference; fileEncoding = 4; lastKnownFileType = sourcecode.c.h; name = OpenGL_Texture.h; path = rendersystems/OpenGL/OpenGL_Texture.h; sourceTree = "<group>"; };
		7F1B522712E4710D00E958D8 /* aprilExport.h */ = {isa = PBXFileReference; fileEncoding = 4; lastKnownFileType = sourcecode.c.h; name = aprilExport.h; path = include/april/aprilExport.h; sourceTree = "<group>"; };
		7F1B522812E4710D00E958D8 /* Color.h */ = {isa = PBXFileReference; fileEncoding = 4; lastKnownFileType = sourcecode.c.h; name = Color.h; path = include/april/Color.h; sourceTree = "<group>"; };
		7F1B522912E4710D00E958D8 /* Texture.h */ = {isa = PBXFileReference; fileEncoding = 4; lastKnownFileType = sourcecode.c.h; name = Texture.h; path = include/april/Texture.h; sourceTree = "<group>"; };
		7F1B522E12E4713600E958D8 /* Color.cpp */ = {isa = PBXFileReference; fileEncoding = 4; lastKnownFileType = sourcecode.cpp.cpp; name = Color.cpp; path = src/Color.cpp; sourceTree = "<group>"; };
		7F1B522F12E4713600E958D8 /* Texture.cpp */ = {isa = PBXFileReference; fileEncoding = 4; lastKnownFileType = sourcecode.cpp.cpp; name = Texture.cpp; path = src/Texture.cpp; sourceTree = "<group>"; };
		7F42F7A211EB178C00B1C1DF /* ImageSource.h */ = {isa = PBXFileReference; fileEncoding = 4; lastKnownFileType = sourcecode.c.h; name = ImageSource.h; path = include/april/ImageSource.h; sourceTree = "<group>"; };
		7F42F7A311EB178C00B1C1DF /* Keys.h */ = {isa = PBXFileReference; fileEncoding = 4; lastKnownFileType = sourcecode.c.h; name = Keys.h; path = include/april/Keys.h; sourceTree = "<group>"; };
		7F42F7A411EB178C00B1C1DF /* RenderSystem.h */ = {isa = PBXFileReference; fileEncoding = 4; lastKnownFileType = sourcecode.c.h; name = RenderSystem.h; path = include/april/RenderSystem.h; sourceTree = "<group>"; };
		7F42F7AA11EB179A00B1C1DF /* RenderSystem.cpp */ = {isa = PBXFileReference; fileEncoding = 4; lastKnownFileType = sourcecode.cpp.cpp; name = RenderSystem.cpp; path = src/RenderSystem.cpp; sourceTree = "<group>"; };
		7F42F83111EB1A9700B1C1DF /* gtypes.framework */ = {isa = PBXFileReference; lastKnownFileType = wrapper.framework; name = gtypes.framework; path = Library/Frameworks/gtypes.framework; sourceTree = SDKROOT; };
		7F42F83311EB1A9700B1C1DF /* hltypes.framework */ = {isa = PBXFileReference; lastKnownFileType = wrapper.framework; name = hltypes.framework; path = Library/Frameworks/hltypes.framework; sourceTree = SDKROOT; };
		7F42FACC11EB341E00B1C1DF /* OpenGL.framework */ = {isa = PBXFileReference; lastKnownFileType = wrapper.framework; name = OpenGL.framework; path = System/Library/Frameworks/OpenGL.framework; sourceTree = SDKROOT; };
		7F42FAD411EB342900B1C1DF /* Cocoa.framework */ = {isa = PBXFileReference; lastKnownFileType = wrapper.framework; name = Cocoa.framework; path = System/Library/Frameworks/Cocoa.framework; sourceTree = SDKROOT; };
		7F42FD7611EB632E00B1C1DF /* ImageSourceCG.mm */ = {isa = PBXFileReference; fileEncoding = 4; lastKnownFileType = sourcecode.cpp.objcpp; name = ImageSourceCG.mm; path = src/ImageSourceCG.mm; sourceTree = "<group>"; };
		7F4D0FE911FEE6C500F2F9F5 /* main.h */ = {isa = PBXFileReference; fileEncoding = 4; lastKnownFileType = sourcecode.c.h; name = main.h; path = include/april/main.h; sourceTree = "<group>"; };
		7F5A5D2511FD9CAB003C05A4 /* SDLWindow.cpp */ = {isa = PBXFileReference; fileEncoding = 4; lastKnownFileType = sourcecode.cpp.cpp; name = SDLWindow.cpp; path = windowsystems/SDL/SDLWindow.cpp; sourceTree = "<group>"; };
		7F5A5D2611FD9CAB003C05A4 /* SDLWindow.h */ = {isa = PBXFileReference; fileEncoding = 4; lastKnownFileType = sourcecode.c.h; name = SDLWindow.h; path = windowsystems/SDL/SDLWindow.h; sourceTree = "<group>"; };
		7F5A5D2D11FD9DEB003C05A4 /* SDL.framework */ = {isa = PBXFileReference; lastKnownFileType = wrapper.framework; name = SDL.framework; path = Library/Frameworks/SDL.framework; sourceTree = SDKROOT; };
		7FA3ED1711F9817A001D1DDD /* Window.h */ = {isa = PBXFileReference; fileEncoding = 4; lastKnownFileType = sourcecode.c.h; name = Window.h; path = include/april/Window.h; sourceTree = "<group>"; };
		7FA3ED2611F98BAE001D1DDD /* Window.cpp */ = {isa = PBXFileReference; explicitFileType = sourcecode.cpp.objcpp; fileEncoding = 4; name = Window.cpp; path = src/Window.cpp; sourceTree = "<group>"; };
		7FC8FA28122FA58F0092964C /* Timer.h */ = {isa = PBXFileReference; fileEncoding = 4; lastKnownFileType = sourcecode.c.h; name = Timer.h; path = include/april/Timer.h; sourceTree = "<group>"; };
		7FC8FA75122FACA30092964C /* TimerSDL.cpp */ = {isa = PBXFileReference; fileEncoding = 4; lastKnownFileType = sourcecode.cpp.cpp; name = TimerSDL.cpp; path = src/TimerSDL.cpp; sourceTree = "<group>"; };
		7FCD394312018BD300608217 /* main_mac.mm */ = {isa = PBXFileReference; fileEncoding = 4; lastKnownFileType = sourcecode.cpp.objcpp; path = main_mac.mm; sourceTree = "<group>"; };
		8DC2EF5A0486A6940098B216 /* Info.plist */ = {isa = PBXFileReference; fileEncoding = 4; lastKnownFileType = text.plist.xml; path = Info.plist; sourceTree = "<group>"; };
		8DC2EF5B0486A6940098B216 /* april.framework */ = {isa = PBXFileReference; explicitFileType = wrapper.framework; includeInIndex = 0; path = april.framework; sourceTree = BUILT_PRODUCTS_DIR; };
		C9A8520C134AF97000B455BE /* ImageSource.cpp */ = {isa = PBXFileReference; fileEncoding = 4; lastKnownFileType = sourcecode.cpp.cpp; name = ImageSource.cpp; path = src/ImageSource.cpp; sourceTree = "<group>"; };
		D1981C30140F824B0057C3AF /* libapril.a */ = {isa = PBXFileReference; explicitFileType = archive.ar; includeInIndex = 0; path = libapril.a; sourceTree = BUILT_PRODUCTS_DIR; };
		D1981C4E140F849A0057C3AF /* OpenGLES.framework */ = {isa = PBXFileReference; lastKnownFileType = wrapper.framework; name = OpenGLES.framework; path = Platforms/iPhoneOS.platform/Developer/SDKs/iPhoneOS4.3.sdk/System/Library/Frameworks/OpenGLES.framework; sourceTree = DEVELOPER_DIR; };
		D1981C50140F84A10057C3AF /* UIKit.framework */ = {isa = PBXFileReference; lastKnownFileType = wrapper.framework; name = UIKit.framework; path = Platforms/iPhoneOS.platform/Developer/SDKs/iPhoneOS4.3.sdk/System/Library/Frameworks/UIKit.framework; sourceTree = DEVELOPER_DIR; };
		D1981C52140F84AA0057C3AF /* CoreGraphics.framework */ = {isa = PBXFileReference; lastKnownFileType = wrapper.framework; name = CoreGraphics.framework; path = Platforms/iPhoneOS.platform/Developer/SDKs/iPhoneOS4.3.sdk/System/Library/Frameworks/CoreGraphics.framework; sourceTree = DEVELOPER_DIR; };
		D1981C54140F84B00057C3AF /* Foundation.framework */ = {isa = PBXFileReference; lastKnownFileType = wrapper.framework; name = Foundation.framework; path = Platforms/iPhoneOS.platform/Developer/SDKs/iPhoneOS4.3.sdk/System/Library/Frameworks/Foundation.framework; sourceTree = DEVELOPER_DIR; };
		D1981C56140F84B60057C3AF /* CoreFoundation.framework */ = {isa = PBXFileReference; lastKnownFileType = wrapper.framework; name = CoreFoundation.framework; path = Platforms/iPhoneOS.platform/Developer/SDKs/iPhoneOS4.3.sdk/System/Library/Frameworks/CoreFoundation.framework; sourceTree = DEVELOPER_DIR; };
		D1981C59140F85350057C3AF /* ApriliOSAppDelegate.h */ = {isa = PBXFileReference; fileEncoding = 4; lastKnownFileType = sourcecode.c.h; name = ApriliOSAppDelegate.h; path = windowsystems/iOS/ApriliOSAppDelegate.h; sourceTree = "<group>"; };
		D1981C5A140F85350057C3AF /* ApriliOSAppDelegate.mm */ = {isa = PBXFileReference; fileEncoding = 4; lastKnownFileType = sourcecode.cpp.objcpp; name = ApriliOSAppDelegate.mm; path = windowsystems/iOS/ApriliOSAppDelegate.mm; sourceTree = "<group>"; };
		D1981C5B140F85350057C3AF /* AprilViewController.h */ = {isa = PBXFileReference; fileEncoding = 4; lastKnownFileType = sourcecode.c.h; name = AprilViewController.h; path = windowsystems/iOS/AprilViewController.h; sourceTree = "<group>"; };
		D1981C5C140F85350057C3AF /* AprilViewController.m */ = {isa = PBXFileReference; fileEncoding = 4; lastKnownFileType = sourcecode.c.objc; name = AprilViewController.m; path = windowsystems/iOS/AprilViewController.m; sourceTree = "<group>"; };
		D1981C5D140F85350057C3AF /* EAGLView.h */ = {isa = PBXFileReference; fileEncoding = 4; lastKnownFileType = sourcecode.c.h; name = EAGLView.h; path = windowsystems/iOS/EAGLView.h; sourceTree = "<group>"; };
		D1981C5E140F85350057C3AF /* EAGLView.mm */ = {isa = PBXFileReference; fileEncoding = 4; lastKnownFileType = sourcecode.cpp.objcpp; name = EAGLView.mm; path = windowsystems/iOS/EAGLView.mm; sourceTree = "<group>"; };
		D1981C5F140F85350057C3AF /* iOSWindow.h */ = {isa = PBXFileReference; fileEncoding = 4; lastKnownFileType = sourcecode.c.h; name = iOSWindow.h; path = windowsystems/iOS/iOSWindow.h; sourceTree = "<group>"; };
		D1981C60140F85350057C3AF /* iOSWindow.mm */ = {isa = PBXFileReference; fileEncoding = 4; lastKnownFileType = sourcecode.cpp.objcpp; name = iOSWindow.mm; path = windowsystems/iOS/iOSWindow.mm; sourceTree = "<group>"; };
		D1981C61140F85350057C3AF /* PVRTexture.h */ = {isa = PBXFileReference; fileEncoding = 4; lastKnownFileType = sourcecode.c.h; name = PVRTexture.h; path = windowsystems/iOS/PVRTexture.h; sourceTree = "<group>"; };
		D1981C62140F85350057C3AF /* PVRTexture.m */ = {isa = PBXFileReference; fileEncoding = 4; lastKnownFileType = sourcecode.c.objc; name = PVRTexture.m; path = windowsystems/iOS/PVRTexture.m; sourceTree = "<group>"; };
		D1981C63140F85350057C3AF /* WBImage.h */ = {isa = PBXFileReference; fileEncoding = 4; lastKnownFileType = sourcecode.c.h; name = WBImage.h; path = windowsystems/iOS/WBImage.h; sourceTree = "<group>"; };
		D1981C64140F85350057C3AF /* WBImage.m */ = {isa = PBXFileReference; fileEncoding = 4; lastKnownFileType = sourcecode.c.objc; name = WBImage.m; path = windowsystems/iOS/WBImage.m; sourceTree = "<group>"; };
		D1981C71140F856B0057C3AF /* TimerPosix.cpp */ = {isa = PBXFileReference; fileEncoding = 4; lastKnownFileType = sourcecode.cpp.cpp; name = TimerPosix.cpp; path = src/TimerPosix.cpp; sourceTree = "<group>"; };
		D1E0E277140FA68B00422D84 /* main_ios.mm */ = {isa = PBXFileReference; fileEncoding = 4; lastKnownFileType = sourcecode.cpp.objcpp; path = main_ios.mm; sourceTree = "<group>"; };
/* End PBXFileReference section */

/* Begin PBXFrameworksBuildPhase section */
		8DC2EF560486A6940098B216 /* Frameworks */ = {
			isa = PBXFrameworksBuildPhase;
			buildActionMask = 2147483647;
			files = (
				7F42F83211EB1A9700B1C1DF /* gtypes.framework in Frameworks */,
				7F42F83411EB1A9700B1C1DF /* hltypes.framework in Frameworks */,
				7F42FACD11EB341E00B1C1DF /* OpenGL.framework in Frameworks */,
				7F42FAD511EB342900B1C1DF /* Cocoa.framework in Frameworks */,
				7F5A5D2E11FD9DEB003C05A4 /* SDL.framework in Frameworks */,
			);
			runOnlyForDeploymentPostprocessing = 0;
		};
		D1981C2D140F824B0057C3AF /* Frameworks */ = {
			isa = PBXFrameworksBuildPhase;
			buildActionMask = 2147483647;
			files = (
				D1981C57140F84B60057C3AF /* CoreFoundation.framework in Frameworks */,
				D1981C55140F84B00057C3AF /* Foundation.framework in Frameworks */,
				D1981C53140F84AA0057C3AF /* CoreGraphics.framework in Frameworks */,
				D1981C51140F84A10057C3AF /* UIKit.framework in Frameworks */,
				D1981C4F140F849A0057C3AF /* OpenGLES.framework in Frameworks */,
			);
			runOnlyForDeploymentPostprocessing = 0;
		};
/* End PBXFrameworksBuildPhase section */

/* Begin PBXGroup section */
		034768DFFF38A50411DB9C8B /* Products */ = {
			isa = PBXGroup;
			children = (
				8DC2EF5B0486A6940098B216 /* april.framework */,
				D1981C30140F824B0057C3AF /* libapril.a */,
			);
			name = Products;
			sourceTree = "<group>";
		};
		0867D691FE84028FC02AAC07 /* libapril */ = {
			isa = PBXGroup;
			children = (
				8DC2EF5A0486A6940098B216 /* Info.plist */,
				7FA3ED1111F9813E001D1DDD /* Window Systems */,
				7F42F7AE11EB185F00B1C1DF /* Render Systems */,
				7F42F7A011EB177F00B1C1DF /* include */,
				7F42F79F11EB177B00B1C1DF /* src */,
				0867D69AFE84028FC02AAC07 /* Frameworks */,
				034768DFFF38A50411DB9C8B /* Products */,
			);
			name = libapril;
			sourceTree = "<group>";
		};
		0867D69AFE84028FC02AAC07 /* Frameworks */ = {
			isa = PBXGroup;
			children = (
				1058C7B0FEA5585E11CA2CBB /* Mac */,
				1058C7B2FEA5585E11CA2CBB /* iOS */,
			);
			name = Frameworks;
			sourceTree = "<group>";
		};
		1058C7B0FEA5585E11CA2CBB /* Mac */ = {
			isa = PBXGroup;
			children = (
				7F42FAD411EB342900B1C1DF /* Cocoa.framework */,
				7F42FACC11EB341E00B1C1DF /* OpenGL.framework */,
				7F42F83111EB1A9700B1C1DF /* gtypes.framework */,
				7F42F83311EB1A9700B1C1DF /* hltypes.framework */,
				7F5A5D2D11FD9DEB003C05A4 /* SDL.framework */,
			);
			name = Mac;
			sourceTree = "<group>";
		};
		1058C7B2FEA5585E11CA2CBB /* iOS */ = {
			isa = PBXGroup;
			children = (
				D1981C56140F84B60057C3AF /* CoreFoundation.framework */,
				D1981C54140F84B00057C3AF /* Foundation.framework */,
				D1981C52140F84AA0057C3AF /* CoreGraphics.framework */,
				D1981C50140F84A10057C3AF /* UIKit.framework */,
				D1981C4E140F849A0057C3AF /* OpenGLES.framework */,
			);
			name = iOS;
			sourceTree = "<group>";
		};
		7F42F79F11EB177B00B1C1DF /* src */ = {
			isa = PBXGroup;
			children = (
				D1E0E277140FA68B00422D84 /* main_ios.mm */,
				D1981C71140F856B0057C3AF /* TimerPosix.cpp */,
				7FC8FA75122FACA30092964C /* TimerSDL.cpp */,
				7F1B522E12E4713600E958D8 /* Color.cpp */,
				7F1B522F12E4713600E958D8 /* Texture.cpp */,
				C9A8520C134AF97000B455BE /* ImageSource.cpp */,
				7F42FD7611EB632E00B1C1DF /* ImageSourceCG.mm */,
				7F42F7AA11EB179A00B1C1DF /* RenderSystem.cpp */,
				7FA3ED2611F98BAE001D1DDD /* Window.cpp */,
				7FCD394312018BD300608217 /* main_mac.mm */,
			);
			name = src;
			sourceTree = "<group>";
		};
		7F42F7A011EB177F00B1C1DF /* include */ = {
			isa = PBXGroup;
			children = (
				7F1B522712E4710D00E958D8 /* aprilExport.h */,
				7F1B522812E4710D00E958D8 /* Color.h */,
				7F1B522912E4710D00E958D8 /* Texture.h */,
				7FC8FA28122FA58F0092964C /* Timer.h */,
				7F4D0FE911FEE6C500F2F9F5 /* main.h */,
				7F42F7A211EB178C00B1C1DF /* ImageSource.h */,
				7F42F7A311EB178C00B1C1DF /* Keys.h */,
				7F42F7A411EB178C00B1C1DF /* RenderSystem.h */,
				7FA3ED1711F9817A001D1DDD /* Window.h */,
			);
			name = include;
			sourceTree = "<group>";
		};
		7F42F7AE11EB185F00B1C1DF /* Render Systems */ = {
			isa = PBXGroup;
			children = (
				7F1B520C12E470B200E958D8 /* OpenGL_RenderSystem.cpp */,
				7F1B520D12E470B200E958D8 /* OpenGL_RenderSystem.h */,
				7F1B520E12E470B200E958D8 /* OpenGL_Texture.cpp */,
				7F1B520F12E470B200E958D8 /* OpenGL_Texture.h */,
			);
			name = "Render Systems";
			sourceTree = "<group>";
		};
		7FA3ED1111F9813E001D1DDD /* Window Systems */ = {
			isa = PBXGroup;
			children = (
				D1981C58140F85050057C3AF /* iOS */,
				7FA3ED1211F98145001D1DDD /* SDL */,
			);
			name = "Window Systems";
			sourceTree = "<group>";
		};
		7FA3ED1211F98145001D1DDD /* SDL */ = {
			isa = PBXGroup;
			children = (
				7F5A5D2511FD9CAB003C05A4 /* SDLWindow.cpp */,
				7F5A5D2611FD9CAB003C05A4 /* SDLWindow.h */,
			);
			name = SDL;
			sourceTree = "<group>";
		};
		D1981C58140F85050057C3AF /* iOS */ = {
			isa = PBXGroup;
			children = (
				D1981C59140F85350057C3AF /* ApriliOSAppDelegate.h */,
				D1981C5A140F85350057C3AF /* ApriliOSAppDelegate.mm */,
				D1981C5B140F85350057C3AF /* AprilViewController.h */,
				D1981C5C140F85350057C3AF /* AprilViewController.m */,
				D1981C5D140F85350057C3AF /* EAGLView.h */,
				D1981C5E140F85350057C3AF /* EAGLView.mm */,
				D1981C5F140F85350057C3AF /* iOSWindow.h */,
				D1981C60140F85350057C3AF /* iOSWindow.mm */,
				D1981C61140F85350057C3AF /* PVRTexture.h */,
				D1981C62140F85350057C3AF /* PVRTexture.m */,
				D1981C63140F85350057C3AF /* WBImage.h */,
				D1981C64140F85350057C3AF /* WBImage.m */,
			);
			name = iOS;
			sourceTree = "<group>";
		};
/* End PBXGroup section */

/* Begin PBXHeadersBuildPhase section */
		8DC2EF500486A6940098B216 /* Headers */ = {
			isa = PBXHeadersBuildPhase;
			buildActionMask = 2147483647;
			files = (
				7F42F7A611EB178C00B1C1DF /* ImageSource.h in Headers */,
				7F42F7A711EB178C00B1C1DF /* Keys.h in Headers */,
				7F42F7A811EB178C00B1C1DF /* RenderSystem.h in Headers */,
				7FA3ED1811F9817A001D1DDD /* Window.h in Headers */,
				7F5A5D2811FD9CAB003C05A4 /* SDLWindow.h in Headers */,
				7F4D0FEA11FEE6C500F2F9F5 /* main.h in Headers */,
				7FC8FA29122FA58F0092964C /* Timer.h in Headers */,
				7F1B521112E470B200E958D8 /* OpenGL_RenderSystem.h in Headers */,
				7F1B521312E470B200E958D8 /* OpenGL_Texture.h in Headers */,
				7F1B522A12E4710D00E958D8 /* aprilExport.h in Headers */,
				7F1B522B12E4710D00E958D8 /* Color.h in Headers */,
				7F1B522C12E4710D00E958D8 /* Texture.h in Headers */,
				D1981C65140F85350057C3AF /* ApriliOSAppDelegate.h in Headers */,
				D1981C67140F85350057C3AF /* AprilViewController.h in Headers */,
				D1981C69140F85350057C3AF /* EAGLView.h in Headers */,
				D1981C6B140F85350057C3AF /* iOSWindow.h in Headers */,
				D1981C6D140F85350057C3AF /* PVRTexture.h in Headers */,
				D1981C6F140F85350057C3AF /* WBImage.h in Headers */,
			);
			runOnlyForDeploymentPostprocessing = 0;
		};
/* End PBXHeadersBuildPhase section */

/* Begin PBXNativeTarget section */
		8DC2EF4F0486A6940098B216 /* libapril */ = {
			isa = PBXNativeTarget;
			buildConfigurationList = 1DEB91AD08733DA50010E9CD /* Build configuration list for PBXNativeTarget "libapril" */;
			buildPhases = (
				8DC2EF500486A6940098B216 /* Headers */,
				8DC2EF520486A6940098B216 /* Resources */,
				8DC2EF540486A6940098B216 /* Sources */,
				8DC2EF560486A6940098B216 /* Frameworks */,
			);
			buildRules = (
			);
			dependencies = (
			);
			name = libapril;
			productInstallPath = "$(HOME)/Library/Frameworks";
			productName = libapril;
			productReference = 8DC2EF5B0486A6940098B216 /* april.framework */;
			productType = "com.apple.product-type.framework";
		};
		D1981C2F140F824B0057C3AF /* libapril-ios */ = {
			isa = PBXNativeTarget;
			buildConfigurationList = D1981C3F140F824B0057C3AF /* Build configuration list for PBXNativeTarget "libapril-ios" */;
			buildPhases = (
				D1981C2C140F824B0057C3AF /* Sources */,
				D1981C2D140F824B0057C3AF /* Frameworks */,
			);
			buildRules = (
			);
			dependencies = (
			);
			name = "libapril-ios";
			productName = "libapril-ios";
			productReference = D1981C30140F824B0057C3AF /* libapril.a */;
			productType = "com.apple.product-type.library.static";
		};
/* End PBXNativeTarget section */

/* Begin PBXProject section */
		0867D690FE84028FC02AAC07 /* Project object */ = {
			isa = PBXProject;
			attributes = {
				LastUpgradeCheck = 0420;
			};
			buildConfigurationList = 1DEB91B108733DA50010E9CD /* Build configuration list for PBXProject "libapril" */;
			compatibilityVersion = "Xcode 3.2";
			developmentRegion = English;
			hasScannedForEncodings = 1;
			knownRegions = (
				English,
				Japanese,
				French,
				German,
			);
			mainGroup = 0867D691FE84028FC02AAC07 /* libapril */;
			productRefGroup = 034768DFFF38A50411DB9C8B /* Products */;
			projectDirPath = "";
			projectRoot = "";
			targets = (
				8DC2EF4F0486A6940098B216 /* libapril */,
				D1981C2F140F824B0057C3AF /* libapril-ios */,
			);
		};
/* End PBXProject section */

/* Begin PBXResourcesBuildPhase section */
		8DC2EF520486A6940098B216 /* Resources */ = {
			isa = PBXResourcesBuildPhase;
			buildActionMask = 2147483647;
			files = (
			);
			runOnlyForDeploymentPostprocessing = 0;
		};
/* End PBXResourcesBuildPhase section */

/* Begin PBXSourcesBuildPhase section */
		8DC2EF540486A6940098B216 /* Sources */ = {
			isa = PBXSourcesBuildPhase;
			buildActionMask = 2147483647;
			files = (
				7F42F7AC11EB179A00B1C1DF /* RenderSystem.cpp in Sources */,
				7F42FD7711EB632E00B1C1DF /* ImageSourceCG.mm in Sources */,
				7FA3ED2711F98BAE001D1DDD /* Window.cpp in Sources */,
				7F5A5D2711FD9CAB003C05A4 /* SDLWindow.cpp in Sources */,
				7FCD394412018BD300608217 /* main_mac.mm in Sources */,
				7FC8FA76122FACA30092964C /* TimerSDL.cpp in Sources */,
				7F1B521012E470B200E958D8 /* OpenGL_RenderSystem.cpp in Sources */,
				7F1B521212E470B200E958D8 /* OpenGL_Texture.cpp in Sources */,
				7F1B523012E4713600E958D8 /* Color.cpp in Sources */,
				7F1B523112E4713600E958D8 /* Texture.cpp in Sources */,
				C9A8520D134AF97000B455BE /* ImageSource.cpp in Sources */,
			);
			runOnlyForDeploymentPostprocessing = 0;
		};
		D1981C2C140F824B0057C3AF /* Sources */ = {
			isa = PBXSourcesBuildPhase;
			buildActionMask = 2147483647;
			files = (
				D1E0E27A140FA6D000422D84 /* main_ios.mm in Sources */,
				D1981C7A140F87060057C3AF /* AprilViewController.m in Sources */,
				D1981C73140F858F0057C3AF /* ApriliOSAppDelegate.mm in Sources */,
				D1981C75140F858F0057C3AF /* EAGLView.mm in Sources */,
				D1981C76140F858F0057C3AF /* iOSWindow.mm in Sources */,
				D1981C77140F858F0057C3AF /* PVRTexture.m in Sources */,
				D1981C78140F858F0057C3AF /* WBImage.m in Sources */,
				D1981C79140F858F0057C3AF /* TimerPosix.cpp in Sources */,
				D1981C42140F82B00057C3AF /* OpenGL_RenderSystem.cpp in Sources */,
				D1981C43140F82B00057C3AF /* OpenGL_Texture.cpp in Sources */,
				D1981C44140F82B00057C3AF /* Color.cpp in Sources */,
				D1981C45140F82B00057C3AF /* Texture.cpp in Sources */,
				D1981C47140F82B00057C3AF /* ImageSource.cpp in Sources */,
				D1981C48140F82B00057C3AF /* ImageSourceCG.mm in Sources */,
				D1981C49140F82B00057C3AF /* RenderSystem.cpp in Sources */,
				D1981C4A140F82B00057C3AF /* Window.cpp in Sources */,
			);
			runOnlyForDeploymentPostprocessing = 0;
		};
/* End PBXSourcesBuildPhase section */

/* Begin XCBuildConfiguration section */
		1DEB91AE08733DA50010E9CD /* Debug */ = {
			isa = XCBuildConfiguration;
			buildSettings = {
				ALWAYS_SEARCH_USER_PATHS = NO;
				COPY_PHASE_STRIP = NO;
				DEPLOYMENT_LOCATION = YES;
				DSTROOT = /;
				DYLIB_COMPATIBILITY_VERSION = 1;
				DYLIB_CURRENT_VERSION = 1;
				FRAMEWORK_VERSION = A;
				GCC_DYNAMIC_NO_PIC = NO;
				GCC_ENABLE_FIX_AND_CONTINUE = YES;
				GCC_MODEL_TUNING = G5;
				GCC_OPTIMIZATION_LEVEL = 0;
				GCC_PREPROCESSOR_DEFINITIONS = (
					"$(inherited)",
					_OPENGL,
				);
				GCC_VERSION = com.apple.compilers.llvmgcc42;
				GCC_WARN_CHECK_SWITCH_STATEMENTS = YES;
				GCC_WARN_SHADOW = NO;
				GCC_WARN_UNUSED_VALUE = YES;
				INFOPLIST_FILE = Info.plist;
				LD_DYLIB_INSTALL_NAME = "@executable_path/../Frameworks/$(EXECUTABLE_PATH)";
				SKIP_INSTALL = YES;
				VALID_ARCHS = "i386 x86_64 ppc";
				WRAPPER_EXTENSION = framework;
			};
			name = Debug;
		};
		1DEB91AF08733DA50010E9CD /* Release */ = {
			isa = XCBuildConfiguration;
			buildSettings = {
				ALWAYS_SEARCH_USER_PATHS = NO;
				DEBUG_INFORMATION_FORMAT = dwarf;
				DEPLOYMENT_LOCATION = YES;
				DSTROOT = /;
				DYLIB_COMPATIBILITY_VERSION = 1;
				DYLIB_CURRENT_VERSION = 1;
				FRAMEWORK_VERSION = A;
				GCC_MODEL_TUNING = G5;
				GCC_PREPROCESSOR_DEFINITIONS = (
					"$(inherited)",
					_OPENGL,
				);
				GCC_VERSION = com.apple.compilers.llvmgcc42;
				INFOPLIST_FILE = Info.plist;
				LD_DYLIB_INSTALL_NAME = "@executable_path/../Frameworks/$(EXECUTABLE_PATH)";
				SKIP_INSTALL = YES;
				VALID_ARCHS = "i386 x86_64 ppc";
				WRAPPER_EXTENSION = framework;
			};
			name = Release;
		};
		1DEB91B208733DA50010E9CD /* Debug */ = {
			isa = XCBuildConfiguration;
			buildSettings = {
				ARCHS = "$(ARCHS_STANDARD_32_BIT)";
				GCC_C_LANGUAGE_STANDARD = gnu99;
				GCC_OPTIMIZATION_LEVEL = 0;
				GCC_PREPROCESSOR_DEFINITIONS = (
					_UNIX,
					BUILDING_APRIL,
					HAVE_SDL,
				);
				GCC_VERSION = 4.0;
				GCC_WARN_ABOUT_RETURN_TYPE = YES;
				GCC_WARN_UNUSED_VARIABLE = YES;
				HEADER_SEARCH_PATHS = (
					"${SRCROOT}/../hltypes/include",
					"${SRCROOT}/../gtypes/include",
					"${SRCROOT}/include/april",
				);
				ONLY_ACTIVE_ARCH = YES;
				PREBINDING = NO;
				PRODUCT_NAME = april;
				SDKROOT = macosx10.4;
			};
			name = Debug;
		};
		1DEB91B308733DA50010E9CD /* Release */ = {
			isa = XCBuildConfiguration;
			buildSettings = {
				ARCHS = (
					i386,
					ppc,
				);
				GCC_C_LANGUAGE_STANDARD = gnu99;
				GCC_PREPROCESSOR_DEFINITIONS = (
					_UNIX,
					BUILDING_APRIL,
					HAVE_SDL,
				);
				GCC_VERSION = 4.0;
				GCC_WARN_ABOUT_RETURN_TYPE = YES;
				GCC_WARN_UNUSED_VARIABLE = YES;
				HEADER_SEARCH_PATHS = (
					"${SRCROOT}/../hltypes/include",
					"${SRCROOT}/../gtypes/include",
					"${SRCROOT}/include/april",
				);
				PREBINDING = NO;
				PRODUCT_NAME = april;
				SDKROOT = macosx10.4;
			};
			name = Release;
		};
		7FC8A8A81296C768003D3931 /* App Store */ = {
			isa = XCBuildConfiguration;
			buildSettings = {
				ARCHS = i386;
				GCC_C_LANGUAGE_STANDARD = gnu99;
				GCC_PREPROCESSOR_DEFINITIONS = (
					_UNIX,
					BUILDING_APRIL,
					HAVE_SDL,
				);
				GCC_VERSION = 4.2;
				GCC_WARN_ABOUT_RETURN_TYPE = YES;
				GCC_WARN_UNUSED_VARIABLE = YES;
				HEADER_SEARCH_PATHS = (
					"${SRCROOT}/../hltypes/include",
					"${SRCROOT}/../gtypes/include",
					"${SRCROOT}/include/april",
				);
				PREBINDING = NO;
				PRODUCT_NAME = april;
				SDKROOT = macosx10.6;
			};
			name = "App Store";
		};
		7FC8A8A91296C768003D3931 /* App Store */ = {
			isa = XCBuildConfiguration;
			buildSettings = {
				ALWAYS_SEARCH_USER_PATHS = NO;
				ARCHS = "$(ARCHS_STANDARD_32_BIT)";
				DEBUG_INFORMATION_FORMAT = dwarf;
				DEPLOYMENT_LOCATION = YES;
				DSTROOT = /;
				DYLIB_COMPATIBILITY_VERSION = 1;
				DYLIB_CURRENT_VERSION = 1;
				FRAMEWORK_VERSION = A;
				GCC_MODEL_TUNING = G5;
				GCC_PREPROCESSOR_DEFINITIONS = (
					"$(inherited)",
					_OPENGL,
				);
				GCC_VERSION = com.apple.compilers.llvmgcc42;
				INFOPLIST_FILE = Info.plist;
				LD_DYLIB_INSTALL_NAME = "@executable_path/../Frameworks/$(EXECUTABLE_PATH)";
				SKIP_INSTALL = YES;
				VALID_ARCHS = i386;
				WRAPPER_EXTENSION = framework;
			};
			name = "App Store";
		};
		C981CCB7132AEAE20072B5A9 /* Debug-LLVM */ = {
			isa = XCBuildConfiguration;
			buildSettings = {
				ARCHS = "$(ARCHS_STANDARD_32_BIT)";
				GCC_C_LANGUAGE_STANDARD = gnu99;
				GCC_OPTIMIZATION_LEVEL = 0;
				GCC_PREPROCESSOR_DEFINITIONS = (
					_UNIX,
					BUILDING_APRIL,
					HAVE_SDL,
				);
				GCC_VERSION = com.apple.compilers.llvm.clang.1_0;
				GCC_WARN_ABOUT_RETURN_TYPE = YES;
				GCC_WARN_UNUSED_VARIABLE = YES;
				HEADER_SEARCH_PATHS = (
					"${SRCROOT}/../hltypes/include",
					"${SRCROOT}/../gtypes/include",
					"${SRCROOT}/include/april",
				);
				ONLY_ACTIVE_ARCH = YES;
				PREBINDING = NO;
				PRODUCT_NAME = april;
				SDKROOT = macosx10.6;
			};
			name = "Debug-LLVM";
		};
		C981CCB8132AEAE20072B5A9 /* Debug-LLVM */ = {
			isa = XCBuildConfiguration;
			buildSettings = {
				ALWAYS_SEARCH_USER_PATHS = NO;
				COPY_PHASE_STRIP = NO;
				DEPLOYMENT_LOCATION = YES;
				DSTROOT = /;
				DYLIB_COMPATIBILITY_VERSION = 1;
				DYLIB_CURRENT_VERSION = 1;
				FRAMEWORK_VERSION = A;
				GCC_DYNAMIC_NO_PIC = NO;
				GCC_ENABLE_FIX_AND_CONTINUE = YES;
				GCC_MODEL_TUNING = G5;
				GCC_OPTIMIZATION_LEVEL = 0;
				GCC_PREPROCESSOR_DEFINITIONS = (
					"$(inherited)",
					_OPENGL,
				);
				GCC_VERSION = "";
				GCC_WARN_CHECK_SWITCH_STATEMENTS = YES;
				GCC_WARN_SHADOW = NO;
				GCC_WARN_UNUSED_VALUE = YES;
				INFOPLIST_FILE = Info.plist;
				LD_DYLIB_INSTALL_NAME = "@executable_path/../Frameworks/$(EXECUTABLE_PATH)";
				SKIP_INSTALL = YES;
				VALID_ARCHS = "i386 x86_64 ppc";
				WRAPPER_EXTENSION = framework;
			};
			name = "Debug-LLVM";
		};
		C981CCB9132AEAEA0072B5A9 /* Release-LLVM */ = {
			isa = XCBuildConfiguration;
			buildSettings = {
				ARCHS = "$(ARCHS_STANDARD_32_BIT)";
				GCC_C_LANGUAGE_STANDARD = gnu99;
				GCC_PREPROCESSOR_DEFINITIONS = (
					_UNIX,
					BUILDING_APRIL,
					HAVE_SDL,
				);
				GCC_VERSION = com.apple.compilers.llvm.clang.1_0;
				GCC_WARN_ABOUT_RETURN_TYPE = YES;
				GCC_WARN_UNUSED_VARIABLE = YES;
				HEADER_SEARCH_PATHS = (
					"${SRCROOT}/../hltypes/include",
					"${SRCROOT}/../gtypes/include",
					"${SRCROOT}/include/april",
				);
				PREBINDING = NO;
				PRODUCT_NAME = april;
				SDKROOT = macosx10.6;
			};
			name = "Release-LLVM";
		};
		C981CCBA132AEAEA0072B5A9 /* Release-LLVM */ = {
			isa = XCBuildConfiguration;
			buildSettings = {
				ALWAYS_SEARCH_USER_PATHS = NO;
				DEBUG_INFORMATION_FORMAT = dwarf;
				DEPLOYMENT_LOCATION = YES;
				DSTROOT = /;
				DYLIB_COMPATIBILITY_VERSION = 1;
				DYLIB_CURRENT_VERSION = 1;
				FRAMEWORK_VERSION = A;
				GCC_MODEL_TUNING = G5;
				GCC_PREPROCESSOR_DEFINITIONS = (
					"$(inherited)",
					_OPENGL,
				);
				GCC_VERSION = "";
				INFOPLIST_FILE = Info.plist;
				LD_DYLIB_INSTALL_NAME = "@executable_path/../Frameworks/$(EXECUTABLE_PATH)";
				SKIP_INSTALL = YES;
				VALID_ARCHS = "i386 x86_64 ppc";
				WRAPPER_EXTENSION = framework;
			};
			name = "Release-LLVM";
		};
		D1981C3A140F824B0057C3AF /* Debug */ = {
			isa = XCBuildConfiguration;
			buildSettings = {
				ALWAYS_SEARCH_USER_PATHS = NO;
				ARCHS = (
					armv6,
					armv7,
				);
				COPY_PHASE_STRIP = NO;
				DSTROOT = /tmp/libapril_ios.dst;
				FRAMEWORK_SEARCH_PATHS = (
					"$(inherited)",
					"\"$(DEVELOPER_FRAMEWORKS_DIR)\"",
				);
				GCC_OPTIMIZATION_LEVEL = 0;
				GCC_PREPROCESSOR_DEFINITIONS = (
					"DEBUG=1",
					"$(inherited)",
					_DEBUG,
					_UNIX,
					BUILDING_APRIL,
					HAVE_SDL,
					_OPENGL,
				);
				GCC_VERSION = com.apple.compilers.llvmgcc42;
				GCC_WARN_ABOUT_MISSING_PROTOTYPES = NO;
				IPHONEOS_DEPLOYMENT_TARGET = 3.0;
				LIBRARY_SEARCH_PATHS = "";
				OTHER_LDFLAGS = "-ObjC";
				PRECOMPS_INCLUDE_HEADERS_FROM_BUILT_PRODUCTS_DIR = NO;
				PRODUCT_NAME = april;
				SDKROOT = iphoneos;
				SKIP_INSTALL = YES;
			};
			name = Debug;
		};
		D1981C3B140F824B0057C3AF /* Debug-LLVM */ = {
			isa = XCBuildConfiguration;
			buildSettings = {
				ALWAYS_SEARCH_USER_PATHS = NO;
				ARCHS = (
					armv6,
					armv7,
				);
				COPY_PHASE_STRIP = NO;
				DSTROOT = /tmp/libapril_ios.dst;
				FRAMEWORK_SEARCH_PATHS = (
					"$(inherited)",
					"\"$(DEVELOPER_FRAMEWORKS_DIR)\"",
				);
				GCC_OPTIMIZATION_LEVEL = 0;
				GCC_PREPROCESSOR_DEFINITIONS = (
					"DEBUG=1",
					"$(inherited)",
					_DEBUG,
					_UNIX,
					BUILDING_APRIL,
					HAVE_SDL,
					_OPENGL,
				);
				GCC_VERSION = "";
				GCC_WARN_ABOUT_MISSING_PROTOTYPES = NO;
				IPHONEOS_DEPLOYMENT_TARGET = 3.0;
				LIBRARY_SEARCH_PATHS = "";
				OTHER_LDFLAGS = "-ObjC";
				PRECOMPS_INCLUDE_HEADERS_FROM_BUILT_PRODUCTS_DIR = NO;
				PRODUCT_NAME = april;
				SDKROOT = iphoneos;
				SKIP_INSTALL = YES;
			};
			name = "Debug-LLVM";
		};
		D1981C3C140F824B0057C3AF /* Release */ = {
			isa = XCBuildConfiguration;
			buildSettings = {
				ALWAYS_SEARCH_USER_PATHS = NO;
				ARCHS = (
					armv6,
					armv7,
				);
				COPY_PHASE_STRIP = YES;
				DSTROOT = /tmp/libapril_ios.dst;
				FRAMEWORK_SEARCH_PATHS = (
					"$(inherited)",
					"\"$(DEVELOPER_FRAMEWORKS_DIR)\"",
				);
				GCC_OPTIMIZATION_LEVEL = 0;
				GCC_PREPROCESSOR_DEFINITIONS = (
					_UNIX,
					BUILDING_APRIL,
					HAVE_SDL,
					_OPENGL,
				);
				GCC_VERSION = com.apple.compilers.llvmgcc42;
				GCC_WARN_ABOUT_MISSING_PROTOTYPES = NO;
				IPHONEOS_DEPLOYMENT_TARGET = 3.0;
				LIBRARY_SEARCH_PATHS = "";
				OTHER_LDFLAGS = "-ObjC";
				PRECOMPS_INCLUDE_HEADERS_FROM_BUILT_PRODUCTS_DIR = NO;
				PRODUCT_NAME = april;
				SDKROOT = iphoneos;
				SKIP_INSTALL = YES;
				VALIDATE_PRODUCT = YES;
			};
			name = Release;
		};
		D1981C3D140F824B0057C3AF /* Release-LLVM */ = {
			isa = XCBuildConfiguration;
			buildSettings = {
				ALWAYS_SEARCH_USER_PATHS = NO;
				ARCHS = (
					armv6,
					armv7,
				);
				COPY_PHASE_STRIP = YES;
				DSTROOT = /tmp/libapril_ios.dst;
				FRAMEWORK_SEARCH_PATHS = (
					"$(inherited)",
					"\"$(DEVELOPER_FRAMEWORKS_DIR)\"",
				);
				GCC_OPTIMIZATION_LEVEL = 0;
				GCC_PREPROCESSOR_DEFINITIONS = (
					_UNIX,
					BUILDING_APRIL,
					HAVE_SDL,
					_OPENGL,
				);
				GCC_VERSION = "";
				GCC_WARN_ABOUT_MISSING_PROTOTYPES = NO;
				IPHONEOS_DEPLOYMENT_TARGET = 3.0;
				LIBRARY_SEARCH_PATHS = "";
				OTHER_LDFLAGS = "-ObjC";
				PRECOMPS_INCLUDE_HEADERS_FROM_BUILT_PRODUCTS_DIR = NO;
				PRODUCT_NAME = april;
				SDKROOT = iphoneos;
				SKIP_INSTALL = YES;
				VALIDATE_PRODUCT = YES;
			};
			name = "Release-LLVM";
		};
		D1981C3E140F824B0057C3AF /* App Store */ = {
			isa = XCBuildConfiguration;
			buildSettings = {
				ALWAYS_SEARCH_USER_PATHS = NO;
				ARCHS = (
					armv6,
					armv7,
				);
				COPY_PHASE_STRIP = YES;
				DSTROOT = /tmp/libapril_ios.dst;
				FRAMEWORK_SEARCH_PATHS = (
					"$(inherited)",
					"\"$(DEVELOPER_FRAMEWORKS_DIR)\"",
				);
				GCC_OPTIMIZATION_LEVEL = 0;
				GCC_PREPROCESSOR_DEFINITIONS = (
					_UNIX,
					BUILDING_APRIL,
					HAVE_SDL,
					_OPENGL,
				);
				GCC_VERSION = com.apple.compilers.llvmgcc42;
				GCC_WARN_ABOUT_MISSING_PROTOTYPES = NO;
				IPHONEOS_DEPLOYMENT_TARGET = 3.0;
				LIBRARY_SEARCH_PATHS = "";
				OTHER_LDFLAGS = "-ObjC";
				PRECOMPS_INCLUDE_HEADERS_FROM_BUILT_PRODUCTS_DIR = NO;
				PRODUCT_NAME = april;
				SDKROOT = iphoneos;
				SKIP_INSTALL = YES;
				VALIDATE_PRODUCT = YES;
			};
			name = "App Store";
		};
/* End XCBuildConfiguration section */

/* Begin XCConfigurationList section */
		1DEB91AD08733DA50010E9CD /* Build configuration list for PBXNativeTarget "libapril" */ = {
			isa = XCConfigurationList;
			buildConfigurations = (
				1DEB91AE08733DA50010E9CD /* Debug */,
				C981CCB8132AEAE20072B5A9 /* Debug-LLVM */,
				1DEB91AF08733DA50010E9CD /* Release */,
				C981CCBA132AEAEA0072B5A9 /* Release-LLVM */,
				7FC8A8A91296C768003D3931 /* App Store */,
			);
			defaultConfigurationIsVisible = 0;
			defaultConfigurationName = Release;
		};
		1DEB91B108733DA50010E9CD /* Build configuration list for PBXProject "libapril" */ = {
			isa = XCConfigurationList;
			buildConfigurations = (
				1DEB91B208733DA50010E9CD /* Debug */,
				C981CCB7132AEAE20072B5A9 /* Debug-LLVM */,
				1DEB91B308733DA50010E9CD /* Release */,
				C981CCB9132AEAEA0072B5A9 /* Release-LLVM */,
				7FC8A8A81296C768003D3931 /* App Store */,
			);
			defaultConfigurationIsVisible = 0;
			defaultConfigurationName = Release;
		};
		D1981C3F140F824B0057C3AF /* Build configuration list for PBXNativeTarget "libapril-ios" */ = {
			isa = XCConfigurationList;
			buildConfigurations = (
				D1981C3A140F824B0057C3AF /* Debug */,
				D1981C3B140F824B0057C3AF /* Debug-LLVM */,
				D1981C3C140F824B0057C3AF /* Release */,
				D1981C3D140F824B0057C3AF /* Release-LLVM */,
				D1981C3E140F824B0057C3AF /* App Store */,
			);
			defaultConfigurationIsVisible = 0;
			defaultConfigurationName = Release;
		};
/* End XCConfigurationList section */
	};
	rootObject = 0867D690FE84028FC02AAC07 /* Project object */;
}
