
Microsoft Visual Studio Solution File, Format Version 12.00
# Visual Studio Express 2012 for Windows 8
Project("{8BC9CEB8-8B4A-11D0-8D11-00A0C91BC942}") = "libapril", "libapril_WinRT.vcxproj", "{2D053CDA-686B-4B36-80EB-1DA5F0CEF8F9}"
EndProject
Project("{8BC9CEB8-8B4A-11D0-8D11-00A0C91BC942}") = "demo_simple", "demos\demo_simple\demo_simple_WinRT.vcxproj", "{8ED4EDB5-7C0E-411F-BCC6-E96882CC73F3}"
EndProject
Project("{8BC9CEB8-8B4A-11D0-8D11-00A0C91BC942}") = "demo_3d", "demos\demo_3d\demo_3d_WinRT.vcxproj", "{8ED4EDB5-7C0E-411F-BCC6-A96882CC73F3}"
EndProject
Project("{8BC9CEB8-8B4A-11D0-8D11-00A0C91BC942}") = "libgtypes", "..\gtypes\libgtypes_WinRT.vcxproj", "{9C043B29-DB40-48D5-97D8-1BC44128E3BA}"
EndProject
Project("{8BC9CEB8-8B4A-11D0-8D11-00A0C91BC942}") = "libhltypes", "..\hltypes\libhltypes_WinRT.vcxproj", "{E4D373BF-E227-48B9-99E6-84987E8674EC}"
EndProject
Project("{8BC9CEB8-8B4A-11D0-8D11-00A0C91BC942}") = "demo_tictactoe", "demos\demo_tictactoe\demo_tictactoe_WinRT.vcxproj", "{E0BA09D4-16F6-495D-8497-C7FC6BA2C7B7}"
EndProject
Global
	GlobalSection(SolutionConfigurationPlatforms) = preSolution
		Debug_DirectX11|ARM = Debug_DirectX11|ARM
		Debug_DirectX11|Win32 = Debug_DirectX11|Win32
		Debug_DirectX11|x64 = Debug_DirectX11|x64
		Release_DirectX11|ARM = Release_DirectX11|ARM
		Release_DirectX11|Win32 = Release_DirectX11|Win32
		Release_DirectX11|x64 = Release_DirectX11|x64
	EndGlobalSection
	GlobalSection(ProjectConfigurationPlatforms) = postSolution
		{2D053CDA-686B-4B36-80EB-1DA5F0CEF8F9}.Debug_DirectX11|ARM.ActiveCfg = Debug_DirectX11|ARM
		{2D053CDA-686B-4B36-80EB-1DA5F0CEF8F9}.Debug_DirectX11|ARM.Build.0 = Debug_DirectX11|ARM
		{2D053CDA-686B-4B36-80EB-1DA5F0CEF8F9}.Debug_DirectX11|Win32.ActiveCfg = Debug_DirectX11|Win32
		{2D053CDA-686B-4B36-80EB-1DA5F0CEF8F9}.Debug_DirectX11|Win32.Build.0 = Debug_DirectX11|Win32
		{2D053CDA-686B-4B36-80EB-1DA5F0CEF8F9}.Debug_DirectX11|x64.ActiveCfg = Debug_DirectX11|Win32
		{2D053CDA-686B-4B36-80EB-1DA5F0CEF8F9}.Release_DirectX11|ARM.ActiveCfg = Release_DirectX11|ARM
		{2D053CDA-686B-4B36-80EB-1DA5F0CEF8F9}.Release_DirectX11|ARM.Build.0 = Release_DirectX11|ARM
		{2D053CDA-686B-4B36-80EB-1DA5F0CEF8F9}.Release_DirectX11|Win32.ActiveCfg = Release_DirectX11|Win32
		{2D053CDA-686B-4B36-80EB-1DA5F0CEF8F9}.Release_DirectX11|Win32.Build.0 = Release_DirectX11|Win32
		{2D053CDA-686B-4B36-80EB-1DA5F0CEF8F9}.Release_DirectX11|x64.ActiveCfg = Release_DirectX11|Win32
		{8ED4EDB5-7C0E-411F-BCC6-E96882CC73F3}.Debug_DirectX11|ARM.ActiveCfg = Debug|ARM
		{8ED4EDB5-7C0E-411F-BCC6-E96882CC73F3}.Debug_DirectX11|ARM.Build.0 = Debug|ARM
		{8ED4EDB5-7C0E-411F-BCC6-E96882CC73F3}.Debug_DirectX11|ARM.Deploy.0 = Debug|ARM
		{8ED4EDB5-7C0E-411F-BCC6-E96882CC73F3}.Debug_DirectX11|Win32.ActiveCfg = Debug|Win32
		{8ED4EDB5-7C0E-411F-BCC6-E96882CC73F3}.Debug_DirectX11|Win32.Build.0 = Debug|Win32
		{8ED4EDB5-7C0E-411F-BCC6-E96882CC73F3}.Debug_DirectX11|Win32.Deploy.0 = Debug|Win32
		{8ED4EDB5-7C0E-411F-BCC6-E96882CC73F3}.Debug_DirectX11|x64.ActiveCfg = Debug|Win32
		{8ED4EDB5-7C0E-411F-BCC6-E96882CC73F3}.Release_DirectX11|ARM.ActiveCfg = Release|ARM
		{8ED4EDB5-7C0E-411F-BCC6-E96882CC73F3}.Release_DirectX11|ARM.Build.0 = Release|ARM
		{8ED4EDB5-7C0E-411F-BCC6-E96882CC73F3}.Release_DirectX11|ARM.Deploy.0 = Release|ARM
		{8ED4EDB5-7C0E-411F-BCC6-E96882CC73F3}.Release_DirectX11|Win32.ActiveCfg = Release|Win32
		{8ED4EDB5-7C0E-411F-BCC6-E96882CC73F3}.Release_DirectX11|Win32.Build.0 = Release|Win32
		{8ED4EDB5-7C0E-411F-BCC6-E96882CC73F3}.Release_DirectX11|Win32.Deploy.0 = Release|Win32
		{8ED4EDB5-7C0E-411F-BCC6-E96882CC73F3}.Release_DirectX11|x64.ActiveCfg = Release|Win32
		{8ED4EDB5-7C0E-411F-BCC6-A96882CC73F3}.Debug_DirectX11|ARM.ActiveCfg = Debug|ARM
		{8ED4EDB5-7C0E-411F-BCC6-A96882CC73F3}.Debug_DirectX11|Win32.ActiveCfg = Debug|Win32
		{8ED4EDB5-7C0E-411F-BCC6-A96882CC73F3}.Debug_DirectX11|x64.ActiveCfg = Debug|Win32
		{8ED4EDB5-7C0E-411F-BCC6-A96882CC73F3}.Release_DirectX11|ARM.ActiveCfg = Release|ARM
		{8ED4EDB5-7C0E-411F-BCC6-A96882CC73F3}.Release_DirectX11|Win32.ActiveCfg = Release|Win32
		{8ED4EDB5-7C0E-411F-BCC6-A96882CC73F3}.Release_DirectX11|Win32.Build.0 = Release|Win32
		{8ED4EDB5-7C0E-411F-BCC6-A96882CC73F3}.Release_DirectX11|Win32.Deploy.0 = Release|Win32
		{8ED4EDB5-7C0E-411F-BCC6-A96882CC73F3}.Release_DirectX11|x64.ActiveCfg = Release|Win32
		{9C043B29-DB40-48D5-97D8-1BC44128E3BA}.Debug_DirectX11|ARM.ActiveCfg = Debug|ARM
		{9C043B29-DB40-48D5-97D8-1BC44128E3BA}.Debug_DirectX11|ARM.Build.0 = Debug|ARM
		{9C043B29-DB40-48D5-97D8-1BC44128E3BA}.Debug_DirectX11|Win32.ActiveCfg = Debug|Win32
		{9C043B29-DB40-48D5-97D8-1BC44128E3BA}.Debug_DirectX11|Win32.Build.0 = Debug|Win32
		{9C043B29-DB40-48D5-97D8-1BC44128E3BA}.Debug_DirectX11|x64.ActiveCfg = Debug|Win32
		{9C043B29-DB40-48D5-97D8-1BC44128E3BA}.Release_DirectX11|ARM.ActiveCfg = Release|ARM
		{9C043B29-DB40-48D5-97D8-1BC44128E3BA}.Release_DirectX11|ARM.Build.0 = Release|ARM
		{9C043B29-DB40-48D5-97D8-1BC44128E3BA}.Release_DirectX11|Win32.ActiveCfg = Release|Win32
		{9C043B29-DB40-48D5-97D8-1BC44128E3BA}.Release_DirectX11|Win32.Build.0 = Release|Win32
		{9C043B29-DB40-48D5-97D8-1BC44128E3BA}.Release_DirectX11|x64.ActiveCfg = Release|Win32
		{E4D373BF-E227-48B9-99E6-84987E8674EC}.Debug_DirectX11|ARM.ActiveCfg = Debug|ARM
		{E4D373BF-E227-48B9-99E6-84987E8674EC}.Debug_DirectX11|ARM.Build.0 = Debug|ARM
		{E4D373BF-E227-48B9-99E6-84987E8674EC}.Debug_DirectX11|Win32.ActiveCfg = Debug|Win32
		{E4D373BF-E227-48B9-99E6-84987E8674EC}.Debug_DirectX11|Win32.Build.0 = Debug|Win32
		{E4D373BF-E227-48B9-99E6-84987E8674EC}.Debug_DirectX11|x64.ActiveCfg = Debug_ZipResource|Win32
		{E4D373BF-E227-48B9-99E6-84987E8674EC}.Release_DirectX11|ARM.ActiveCfg = Release|ARM
		{E4D373BF-E227-48B9-99E6-84987E8674EC}.Release_DirectX11|ARM.Build.0 = Release|ARM
		{E4D373BF-E227-48B9-99E6-84987E8674EC}.Release_DirectX11|Win32.ActiveCfg = Release|Win32
		{E4D373BF-E227-48B9-99E6-84987E8674EC}.Release_DirectX11|Win32.Build.0 = Release|Win32
		{E4D373BF-E227-48B9-99E6-84987E8674EC}.Release_DirectX11|x64.ActiveCfg = Release_ZipResource|Win32
		{E0BA09D4-16F6-495D-8497-C7FC6BA2C7B7}.Debug_DirectX11|ARM.ActiveCfg = Debug|ARM
		{E0BA09D4-16F6-495D-8497-C7FC6BA2C7B7}.Debug_DirectX11|Win32.ActiveCfg = Debug|Win32
		{E0BA09D4-16F6-495D-8497-C7FC6BA2C7B7}.Debug_DirectX11|x64.ActiveCfg = Debug|Win32
		{E0BA09D4-16F6-495D-8497-C7FC6BA2C7B7}.Release_DirectX11|ARM.ActiveCfg = Release|ARM
		{E0BA09D4-16F6-495D-8497-C7FC6BA2C7B7}.Release_DirectX11|Win32.ActiveCfg = Release|Win32
		{E0BA09D4-16F6-495D-8497-C7FC6BA2C7B7}.Release_DirectX11|Win32.Build.0 = Release|Win32
		{E0BA09D4-16F6-495D-8497-C7FC6BA2C7B7}.Release_DirectX11|Win32.Deploy.0 = Release|Win32
		{E0BA09D4-16F6-495D-8497-C7FC6BA2C7B7}.Release_DirectX11|x64.ActiveCfg = Release|Win32
	EndGlobalSection
	GlobalSection(SolutionProperties) = preSolution
		HideSolutionNode = FALSE
	EndGlobalSection
EndGlobal
