<?xml version="1.0" encoding="utf-8"?>
<Project ToolsVersion="14.0" xmlns="http://schemas.microsoft.com/developer/msbuild/2003">
  <ItemGroup>
    <Filter Include="Source Files">
      <UniqueIdentifier>{4FC737F1-C7A5-4376-A066-2A32D752A2FF}</UniqueIdentifier>
      <Extensions>cpp;c;cc;cxx;def;odl;idl;hpj;bat;asm;asmx</Extensions>
    </Filter>
    <Filter Include="Header Files">
      <UniqueIdentifier>{93995380-89BD-4b04-88EB-625FBE52EBFB}</UniqueIdentifier>
      <Extensions>h;hpp;hxx;hm;inl;inc;xsd</Extensions>
    </Filter>
    <Filter Include="Resource Files">
      <UniqueIdentifier>{b601e1d2-6415-437a-b1d9-dd99e54756db}</UniqueIdentifier>
    </Filter>
    <Filter Include="Header Files\PowerVR-SDK">
      <UniqueIdentifier>{83eedd7b-8e2a-48ae-99ff-04815c995712}</UniqueIdentifier>
    </Filter>
    <Filter Include="Source Files\PowerVR-SDK">
      <UniqueIdentifier>{202c6418-f348-42f3-9d69-7563f068b4a2}</UniqueIdentifier>
    </Filter>
  </ItemGroup>
  <ItemGroup>
    <ClInclude Include="..\..\include\aprilpix\aprilpixExport.h">
      <Filter>Header Files</Filter>
    </ClInclude>
    <ClInclude Include="..\..\include\aprilpix\aprilpix.h">
      <Filter>Header Files</Filter>
    </ClInclude>
    <ClInclude Include="..\..\src\ImagePvr.h">
      <Filter>Header Files</Filter>
    </ClInclude>
    <ClInclude Include="..\..\src\ImageWebp.h">
      <Filter>Header Files</Filter>
    </ClInclude>
    <ClInclude Include="..\..\src\PowerVR-SDK\PVRTArray.h">
      <Filter>Header Files\PowerVR-SDK</Filter>
    </ClInclude>
    <ClInclude Include="..\..\src\PowerVR-SDK\PVRTDecompress.h">
      <Filter>Header Files\PowerVR-SDK</Filter>
    </ClInclude>
    <ClInclude Include="..\..\src\PowerVR-SDK\PVRTError.h">
      <Filter>Header Files\PowerVR-SDK</Filter>
    </ClInclude>
    <ClInclude Include="..\..\src\PowerVR-SDK\PVRTGlobal.h">
      <Filter>Header Files\PowerVR-SDK</Filter>
    </ClInclude>
    <ClInclude Include="..\..\src\PowerVR-SDK\PVRTMap.h">
      <Filter>Header Files\PowerVR-SDK</Filter>
    </ClInclude>
    <ClInclude Include="..\..\src\PowerVR-SDK\PVRTTexture.h">
      <Filter>Header Files\PowerVR-SDK</Filter>
    </ClInclude>
  </ItemGroup>
  <ItemGroup>
    <ClCompile Include="..\..\src\aprilpix.cpp">
      <Filter>Source Files</Filter>
    </ClCompile>
    <ClCompile Include="..\..\src\ImagePvr.cpp">
      <Filter>Source Files</Filter>
    </ClCompile>
    <ClCompile Include="..\..\src\ImageWebp.cpp">
      <Filter>Source Files</Filter>
    </ClCompile>
    <ClCompile Include="..\..\src\PowerVR-SDK\PVRTDecompress.cpp">
      <Filter>Source Files\PowerVR-SDK</Filter>
    </ClCompile>
    <ClCompile Include="..\..\src\PowerVR-SDK\PVRTTexture.cpp">
      <Filter>Source Files\PowerVR-SDK</Filter>
    </ClCompile>
  </ItemGroup>
  <ItemGroup>
    <ResourceCompile Include="..\..\fileproperties.rc">
      <Filter>Resource Files</Filter>
    </ResourceCompile>
  </ItemGroup>
</Project>